// !$*UTF8*$!
{
	archiveVersion = 1;
	classes = {
	};
	objectVersion = 52;
	objects = {

/* Begin PBXBuildFile section */
		0207DA581B56EA530066E2B4 /* Images.xcassets in Resources */ = {isa = PBXBuildFile; fileRef = 0207DA571B56EA530066E2B4 /* Images.xcassets */; };
		038BC36A8B154F9AA20F2C37 /* CDVCamera.m in Sources */ = {isa = PBXBuildFile; fileRef = 218A89D434AA46EBAA631138 /* CDVCamera.m */; };
		09EB18CF03A9439D8936E0A5 /* PSYBlockTimer.m in Sources */ = {isa = PBXBuildFile; fileRef = A092195B0B18490F96E04FA7 /* PSYBlockTimer.m */; };
		0CE8088A8B6E401F99510947 /* AFURLResponseSerialization.m in Sources */ = {isa = PBXBuildFile; fileRef = BE5EE47CB2674D9B8E616839 /* AFURLResponseSerialization.m */; };
		0DBED04878714D7498E72B25 /* de.lproj in Resources */ = {isa = PBXBuildFile; fileRef = 1C5F3FBFA98942CA83381B37 /* de.lproj */; };
		0E793B500C5D41AA9F75899E /* GMFetchItem.m in Sources */ = {isa = PBXBuildFile; fileRef = 29973DED3F6C4920A9A6C064 /* GMFetchItem.m */; };
		0F0C7D5C4DD64A909EA3C12D /* CDVAssetLibraryFilesystem.m in Sources */ = {isa = PBXBuildFile; fileRef = 645C2A8E4DAC445BB7C76471 /* CDVAssetLibraryFilesystem.m */; };
		164D62CC270B4C5EA128F345 /* GMSelected.png in Resources */ = {isa = PBXBuildFile; fileRef = 7FA6E1E4018F429D883BE808 /* GMSelected.png */; };
		1B345124B29A413EA18C7647 /* BinaryRequestSerializer.m in Sources */ = {isa = PBXBuildFile; fileRef = A1E0F411E1BA450998A8CC31 /* BinaryRequestSerializer.m */; };
		1B9BD705A5C2404C8F726EB1 /* QuartzCore.framework in Frameworks */ = {isa = PBXBuildFile; fileRef = 954C361A97384CB0BC0B8F54 /* QuartzCore.framework */; };
		1D3623260D0F684500981E51 /* AppDelegate.m in Sources */ = {isa = PBXBuildFile; fileRef = 1D3623250D0F684500981E51 /* AppDelegate.m */; };
		1D60589B0D05DD56006BFB54 /* main.m in Sources */ = {isa = PBXBuildFile; fileRef = 29B97316FDCFA39411CA2CEA /* main.m */; };
		1DE0488F03354BF6B64D4803 /* APPEmailComposerImpl.m in Sources */ = {isa = PBXBuildFile; fileRef = DCD12F8A932B4CF597ABEF16 /* APPEmailComposerImpl.m */; };
		26C309AFEE58447C91F4B321 /* zh-Hans.lproj in Resources */ = {isa = PBXBuildFile; fileRef = 2E612C51F7994FA6823C8BA4 /* zh-Hans.lproj */; };
		2865CBC53B2D41AFB114EE37 /* GMVideoIcon@2x.png in Resources */ = {isa = PBXBuildFile; fileRef = 419851F9BAA94DA589DE5523 /* GMVideoIcon@2x.png */; };
		2A30562B0CAB477485E6AD74 /* it.lproj in Resources */ = {isa = PBXBuildFile; fileRef = 2565128B078E4419B693836B /* it.lproj */; };
		2F64601005C9410E9A7F6F7F /* ca.lproj in Resources */ = {isa = PBXBuildFile; fileRef = 86B9F9CCA3DE41A8ACC7A6AB /* ca.lproj */; };
		301BF552109A68D80062928A /* libCordova.a in Frameworks */ = {isa = PBXBuildFile; fileRef = 301BF535109A57CC0062928A /* libCordova.a */; settings = {ATTRIBUTES = (Required, ); }; };
		302D95F114D2391D003F00A1 /* MainViewController.m in Sources */ = {isa = PBXBuildFile; fileRef = 302D95EF14D2391D003F00A1 /* MainViewController.m */; };
		302D95F214D2391D003F00A1 /* MainViewController.xib in Resources */ = {isa = PBXBuildFile; fileRef = 302D95F014D2391D003F00A1 /* MainViewController.xib */; };
		39BE21997B55426180A2EDE1 /* ImageIO.framework in Frameworks */ = {isa = PBXBuildFile; fileRef = 5BB6D6AA8DF84F54BB4338F8 /* ImageIO.framework */; settings = {ATTRIBUTES = (Weak, ); }; };
		3A9437F717894DE6ACCEEAA7 /* AudioToolbox.framework in Frameworks */ = {isa = PBXBuildFile; fileRef = AA54B34E83604811B9066932 /* AudioToolbox.framework */; };
		3AC30F02BFB84AF18EE7B8E9 /* GMGridViewCell.m in Sources */ = {isa = PBXBuildFile; fileRef = E783CD63BDAB4D64B10B78F0 /* GMGridViewCell.m */; };
		3FD25B5991A94A169253D22B /* CDVLocalFilesystem.m in Sources */ = {isa = PBXBuildFile; fileRef = B52786BE761C43C183926435 /* CDVLocalFilesystem.m */; };
		401AB548C3BB48E4A72334D0 /* pt.lproj in Resources */ = {isa = PBXBuildFile; fileRef = 4E367A3342EE4DDF8153B77E /* pt.lproj */; };
		4719F3C5A1B2445F9F25FB14 /* AVFoundation.framework in Frameworks */ = {isa = PBXBuildFile; fileRef = B0761BEAA7AE43F3ADCFD72A /* AVFoundation.framework */; };
		48A1CD034C80465798C5D8AF /* GMVideoIcon.png in Resources */ = {isa = PBXBuildFile; fileRef = DA55020B541F439E900E3CC8 /* GMVideoIcon.png */; };
		49F55A6E66A3451BAC0AD3B4 /* UIImage+CropScaleOrientation.m in Sources */ = {isa = PBXBuildFile; fileRef = FB82E783685D4E36874AE768 /* UIImage+CropScaleOrientation.m */; };
		4C5487804C5B443BB2EDEDCA /* pl.lproj in Resources */ = {isa = PBXBuildFile; fileRef = 1F67E990192941169F8BB490 /* pl.lproj */; };
		4CC66AA6C9B44A62BC0A26D2 /* SystemConfiguration.framework in Frameworks */ = {isa = PBXBuildFile; fileRef = 5877EC58FFAF4948AE3BFB39 /* SystemConfiguration.framework */; };
		5046108AFEAA40E5943857DB /* SQLitePlugin.m in Sources */ = {isa = PBXBuildFile; fileRef = 1FF4A282FF9943AA8A0D3C25 /* SQLitePlugin.m */; };
		517F8BAE793F46928E1FC98F /* GMEmptyFolder@1x.png in Resources */ = {isa = PBXBuildFile; fileRef = 4AF0199089714BB4B90F9FDB /* GMEmptyFolder@1x.png */; };
		58C0605056E54CACB035054E /* CDVBarcodeScanner.mm in Sources */ = {isa = PBXBuildFile; fileRef = 4DC55F91F7D8498DAA9A4859 /* CDVBarcodeScanner.mm */; };
		5E8FE5D5B2644E4A94759A0D /* GMPHAsset.m in Sources */ = {isa = PBXBuildFile; fileRef = C09BA595296E46FCA8265B56 /* GMPHAsset.m */; };
		6346732D79C7483797AA35B3 /* AFHTTPSessionManager.m in Sources */ = {isa = PBXBuildFile; fileRef = CB2681D96FC0446087AD49E2 /* AFHTTPSessionManager.m */; };
		654ED6C8BAC54EB8BEC79B3A /* SOSPicker.m in Sources */ = {isa = PBXBuildFile; fileRef = 19A5774BAD934027A46C174E /* SOSPicker.m */; };
		658783063D7C4417BDC87006 /* CDVStatusBar.m in Sources */ = {isa = PBXBuildFile; fileRef = 1D818409508047589CCA59C3 /* CDVStatusBar.m */; };
		6A54592122CD4E2DBA7EA149 /* CoreLocation.framework in Frameworks */ = {isa = PBXBuildFile; fileRef = CE0F9FEC394B423CBCA9DB27 /* CoreLocation.framework */; };
		6AFF5BF91D6E424B00AB3073 /* CDVLaunchScreen.storyboard in Resources */ = {isa = PBXBuildFile; fileRef = 6AFF5BF81D6E424B00AB3073 /* CDVLaunchScreen.storyboard */; };
		6BB0B4D2EB50425EBB91B310 /* SDNetworkActivityIndicator.m in Sources */ = {isa = PBXBuildFile; fileRef = 899E380172A745939B110440 /* SDNetworkActivityIndicator.m */; };
		6C152C7274124029AE9348B4 /* CDVJpegHeaderWriter.m in Sources */ = {isa = PBXBuildFile; fileRef = BA3B423A2E13432C9EB40585 /* CDVJpegHeaderWriter.m */; };
		7025542A6CF8409B9ECEB703 /* GMImagePickerController.m in Sources */ = {isa = PBXBuildFile; fileRef = 1BF002E58A9349A5AC7E465F /* GMImagePickerController.m */; };
		73B3D8A6C84D432B8B2FA45D /* CDVWKWebViewFileXhr.m in Sources */ = {isa = PBXBuildFile; fileRef = 332A51019A564954897031B5 /* CDVWKWebViewFileXhr.m */; };
		785A66B5A5DD43DA8C1E1D57 /* NSString+SSURLEncoding.m in Sources */ = {isa = PBXBuildFile; fileRef = 953277D1A62C4C55A45F1676 /* NSString+SSURLEncoding.m */; };
		788EB1E8E8F04994AD130ECA /* CFCallNumber.m in Sources */ = {isa = PBXBuildFile; fileRef = E18F14566F05421EB6B3C2C8 /* CFCallNumber.m */; };
		7A25892B7EE7439AA54445B0 /* Photos.framework in Frameworks */ = {isa = PBXBuildFile; fileRef = 7113DCDC399B49DB8DE8E103 /* Photos.framework */; };
		7C98E9F24B7345939F016A3F /* Base64ToGallery.m in Sources */ = {isa = PBXBuildFile; fileRef = DCA2C07F540E45DE93E6C0B7 /* Base64ToGallery.m */; settings = {COMPILER_FLAGS = "-fno-objc-arc"; }; };
		808627E8B06D4854949A729E /* Accelerate.framework in Frameworks */ = {isa = PBXBuildFile; fileRef = C2CD2C9659AD40B9BDACF6FD /* Accelerate.framework */; };
		8426CAA06FDE434C8A496878 /* UIImage+fixOrientation.m in Sources */ = {isa = PBXBuildFile; fileRef = 8E030BA0FD9748E494922C41 /* UIImage+fixOrientation.m */; };
		8911554B27414913AB35B6B8 /* CordovaHttpPlugin.m in Sources */ = {isa = PBXBuildFile; fileRef = E9777B629F074BE7A1390477 /* CordovaHttpPlugin.m */; };
		8ABC9687B6AE44BD8AA57D69 /* Security.framework in Frameworks */ = {isa = PBXBuildFile; fileRef = AE554C7EE2E6435293812A79 /* Security.framework */; };
		8F324CDF00D24DCCB0311C10 /* IONAssetHandler.m in Sources */ = {isa = PBXBuildFile; fileRef = C15A569446494BC0A2E120B7 /* IONAssetHandler.m */; };
		9165CA6FE9A246499FA8CADD /* TextRequestSerializer.m in Sources */ = {isa = PBXBuildFile; fileRef = D7826E37D53247A7B20BC00C /* TextRequestSerializer.m */; };
		921A4FAFC08049689BE04BFC /* CustomPSPDFThreadSafeMutableDictionary.m in Sources */ = {isa = PBXBuildFile; fileRef = 35658FC5C96441D0ABD4C046 /* CustomPSPDFThreadSafeMutableDictionary.m */; settings = {COMPILER_FLAGS = "-w"; }; };
		95A4E4DAA2694132AE32686F /* MessageUI.framework in Frameworks */ = {isa = PBXBuildFile; fileRef = 5274DE6781CB4AB9B42A36BC /* MessageUI.framework */; };
		964088D5B1354DA788E80475 /* CDVDevice.m in Sources */ = {isa = PBXBuildFile; fileRef = 9C3A3F62A5AB40229B30C112 /* CDVDevice.m */; };
		9786C148F24944038106D9D8 /* es.lproj in Resources */ = {isa = PBXBuildFile; fileRef = 34A88F6B4B21408DB8BEF121 /* es.lproj */; };
		98205549AAF94E6FABCFEE48 /* FeHourGlass.m in Sources */ = {isa = PBXBuildFile; fileRef = 6DE2414A5F3544149FB83D07 /* FeHourGlass.m */; };
		A4EFCA05E57744668B8BD4CF /* TextResponseSerializer.m in Sources */ = {isa = PBXBuildFile; fileRef = 5789549AC6034BB7B6ACDC14 /* TextResponseSerializer.m */; };
		A523A48357C84683A739B774 /* scannerOverlay.xib in Resources */ = {isa = PBXBuildFile; fileRef = DB222AB5104A435EA7A7F3A0 /* scannerOverlay.xib */; };
		A7A1DE37DEAC430D8ED403BE /* AFURLSessionManager.m in Sources */ = {isa = PBXBuildFile; fileRef = 6F53EA824A174EBA8E6C36DB /* AFURLSessionManager.m */; };
		B040DFB362A44B80A03E44D4 /* SocialSharing.m in Sources */ = {isa = PBXBuildFile; fileRef = 03BFCDF5537646B4BE1466C6 /* SocialSharing.m */; };
		B4A02F8C3E424C8CA7523083 /* AFNetworkReachabilityManager.m in Sources */ = {isa = PBXBuildFile; fileRef = 442F0FFFCFA1402BA27D262D /* AFNetworkReachabilityManager.m */; };
		BA725BFB30504EB5B09B358A /* sqlite3.c in Sources */ = {isa = PBXBuildFile; fileRef = FD7232CE050F4898A597F639 /* sqlite3.c */; settings = {COMPILER_FLAGS = "-w -DSQLITE_THREADSAFE=1 -DSQLITE_DEFAULT_SYNCHRONOUS=3 -DSQLITE_DEFAULT_MEMSTATUS=0 -DSQLITE_OMIT_DECLTYPE -DSQLITE_OMIT_DEPRECATED -DSQLITE_OMIT_PROGRESS_CALLBACK -DSQLITE_OMIT_SHARED_CACHE -DSQLITE_TEMP_STORE=2 -DSQLITE_OMIT_LOAD_EXTENSION -DSQLITE_ENABLE_FTS3 -DSQLITE_ENABLE_FTS3_PARENTHESIS -DSQLITE_ENABLE_FTS4 -DSQLITE_ENABLE_RTREE -DSQLITE_DEFAULT_PAGE_SIZE=4096"; }; };
		C112D5B74F9E48EE8CF6EDC5 /* CDVBarcodeScanner.bundle in Resources */ = {isa = PBXBuildFile; fileRef = 581B6B716E3B46FA85DF8720 /* CDVBarcodeScanner.bundle */; };
		C1FD5A33615548D48037D32A /* Social.framework in Frameworks */ = {isa = PBXBuildFile; fileRef = 9197EC0D9CE14A48A2CD1E3E /* Social.framework */; settings = {ATTRIBUTES = (Weak, ); }; };
		C3978FE232594201B5731336 /* CDVFile.m in Sources */ = {isa = PBXBuildFile; fileRef = A75CC39DC30743008880148F /* CDVFile.m */; };
		C68A24FC2901470390833344 /* CDVWKProcessPoolFactory.m in Sources */ = {isa = PBXBuildFile; fileRef = 2B84CAC7E250478A9A2D5A65 /* CDVWKProcessPoolFactory.m */; };
		CA1FAD71BAD44486B0099CA5 /* CDVIonicKeyboard.m in Sources */ = {isa = PBXBuildFile; fileRef = F010139B78414F39AC7F5A97 /* CDVIonicKeyboard.m */; };
		CD5E2D16BB71424AA20E5972 /* BinaryResponseSerializer.m in Sources */ = {isa = PBXBuildFile; fileRef = B55CE76FF60E443F9311E539 /* BinaryResponseSerializer.m */; };
		CD98C768A3A44AA09C220DD9 /* GMSelected@2x.png in Resources */ = {isa = PBXBuildFile; fileRef = C5897CCDAAD0445CA449F2D6 /* GMSelected@2x.png */; };
		CDF419B0C9FF4127AD751CA5 /* GMAlbumsViewCell.m in Sources */ = {isa = PBXBuildFile; fileRef = 4BF91B3C6CA245A5A6F19BFC /* GMAlbumsViewCell.m */; };
		CEF87DD6610B4F1B80C2A5F3 /* CDVWKWebViewUIDelegate.m in Sources */ = {isa = PBXBuildFile; fileRef = 9C6B0C90ECF448ABB0978601 /* CDVWKWebViewUIDelegate.m */; };
		CF63C77877CF4E8EB38EC04D /* GMAlbumsViewController.m in Sources */ = {isa = PBXBuildFile; fileRef = 90C47AC957B141C7941A812F /* GMAlbumsViewController.m */; };
		D5CA7F88D1ED409A88539DC0 /* AFSecurityPolicy.m in Sources */ = {isa = PBXBuildFile; fileRef = EA94AD674E1846478D8FB6E3 /* AFSecurityPolicy.m */; };
		DAAEAE860C344F54B75FB91E /* en.lproj in Resources */ = {isa = PBXBuildFile; fileRef = EC53088D0D0B458FB9D5E217 /* en.lproj */; };
		E384D32867464574B4117754 /* CDVWKWebViewEngine.m in Sources */ = {isa = PBXBuildFile; fileRef = 2757C1CE3F714D7194F12957 /* CDVWKWebViewEngine.m */; };
		E43B413974194A14A5E96217 /* fr.lproj in Resources */ = {isa = PBXBuildFile; fileRef = 1652B008841548A18E0FD427 /* fr.lproj */; };
		E71F0DBDF2204F1AB76ACE2E /* APPEmailComposer.m in Sources */ = {isa = PBXBuildFile; fileRef = DB6BDA6C87DB481195EBD877 /* APPEmailComposer.m */; };
		E8F53821AC4B4966BF281C16 /* FileOpener2.m in Sources */ = {isa = PBXBuildFile; fileRef = B51A09C51E9241E6BD38888A /* FileOpener2.m */; };
		EEBFFD4F404A46BB8E4A647C /* WebKit.framework in Frameworks */ = {isa = PBXBuildFile; fileRef = AD4D095780834A3B808C545F /* WebKit.framework */; settings = {ATTRIBUTES = (Weak, ); }; };
		F55E9DFCCECF443A8A0B6D80 /* AFURLRequestSerialization.m in Sources */ = {isa = PBXBuildFile; fileRef = 9D7C1C80DF3D48DDAB81AD33 /* AFURLRequestSerialization.m */; };
		FA64F739AC5F47EEA516BBCE /* GMGridViewController.m in Sources */ = {isa = PBXBuildFile; fileRef = AA84A0D9C5334D23873C9A83 /* GMGridViewController.m */; };
		FB2ADE864C0F407ABFB3DA7A /* GMEmptyFolder@2x.png in Resources */ = {isa = PBXBuildFile; fileRef = 8F4461C6D4A34468B62ECE4E /* GMEmptyFolder@2x.png */; };
/* End PBXBuildFile section */

/* Begin PBXContainerItemProxy section */
		301BF534109A57CC0062928A /* PBXContainerItemProxy */ = {
			isa = PBXContainerItemProxy;
			containerPortal = 301BF52D109A57CC0062928A /* CordovaLib.xcodeproj */;
			proxyType = 2;
			remoteGlobalIDString = D2AAC07E0554694100DB518D;
			remoteInfo = CordovaLib;
		};
		301BF550109A68C00062928A /* PBXContainerItemProxy */ = {
			isa = PBXContainerItemProxy;
			containerPortal = 301BF52D109A57CC0062928A /* CordovaLib.xcodeproj */;
			proxyType = 1;
			remoteGlobalIDString = D2AAC07D0554694100DB518D;
			remoteInfo = CordovaLib;
		};
		907D8123214C687600058A10 /* PBXContainerItemProxy */ = {
			isa = PBXContainerItemProxy;
			containerPortal = 301BF52D109A57CC0062928A /* CordovaLib.xcodeproj */;
			proxyType = 2;
			remoteGlobalIDString = C0C01EB21E3911D50056E6CB;
			remoteInfo = Cordova;
		};
/* End PBXContainerItemProxy section */

/* Begin PBXFileReference section */
		0207DA571B56EA530066E2B4 /* Images.xcassets */ = {isa = PBXFileReference; lastKnownFileType = folder.assetcatalog; name = Images.xcassets; path = MyApp/Images.xcassets; sourceTree = SOURCE_ROOT; };
		03BFCDF5537646B4BE1466C6 /* SocialSharing.m */ = {isa = PBXFileReference; explicitFileType = undefined; fileEncoding = 4; includeInIndex = 0; lastKnownFileType = sourcecode.c.objc; name = SocialSharing.m; path = "cordova-plugin-x-socialsharing/SocialSharing.m"; sourceTree = "<group>"; };
		03C88D70C21043B4A09155B8 /* SQLitePlugin.h */ = {isa = PBXFileReference; explicitFileType = undefined; fileEncoding = 4; includeInIndex = 0; lastKnownFileType = sourcecode.c.h; name = SQLitePlugin.h; path = "cordova-sqlite-storage/SQLitePlugin.h"; sourceTree = "<group>"; };
		05886E45CCB94292BDF57257 /* FeHourGlass.h */ = {isa = PBXFileReference; explicitFileType = undefined; fileEncoding = 4; includeInIndex = 0; lastKnownFileType = sourcecode.c.h; name = FeHourGlass.h; path = "cordova-plugin-telerik-imagepicker/FeHourGlass.h"; sourceTree = "<group>"; };
		0F21844BE7A7440FA3B72F50 /* CFCallNumber.h */ = {isa = PBXFileReference; explicitFileType = undefined; fileEncoding = 4; includeInIndex = 0; lastKnownFileType = sourcecode.c.h; name = CFCallNumber.h; path = "call-number/CFCallNumber.h"; sourceTree = "<group>"; };
		0FFA58D57A724E9582A5004E /* APPEmailComposer.h */ = {isa = PBXFileReference; explicitFileType = undefined; fileEncoding = 4; includeInIndex = 0; lastKnownFileType = sourcecode.c.h; name = APPEmailComposer.h; path = "cordova-plugin-email-composer/APPEmailComposer.h"; sourceTree = "<group>"; };
		1513B573B6824685B5F65033 /* GMFetchItem.h */ = {isa = PBXFileReference; explicitFileType = undefined; fileEncoding = 4; includeInIndex = 0; lastKnownFileType = sourcecode.c.h; name = GMFetchItem.h; path = "cordova-plugin-telerik-imagepicker/GMFetchItem.h"; sourceTree = "<group>"; };
		1652B008841548A18E0FD427 /* fr.lproj */ = {isa = PBXFileReference; explicitFileType = undefined; fileEncoding = 9; includeInIndex = 0; lastKnownFileType = unknown; path = fr.lproj; sourceTree = "<group>"; };
		19A5774BAD934027A46C174E /* SOSPicker.m */ = {isa = PBXFileReference; explicitFileType = undefined; fileEncoding = 4; includeInIndex = 0; lastKnownFileType = sourcecode.c.objc; name = SOSPicker.m; path = "cordova-plugin-telerik-imagepicker/SOSPicker.m"; sourceTree = "<group>"; };
		1BF002E58A9349A5AC7E465F /* GMImagePickerController.m */ = {isa = PBXFileReference; explicitFileType = undefined; fileEncoding = 4; includeInIndex = 0; lastKnownFileType = sourcecode.c.objc; name = GMImagePickerController.m; path = "cordova-plugin-telerik-imagepicker/GMImagePickerController.m"; sourceTree = "<group>"; };
		1C5F3FBFA98942CA83381B37 /* de.lproj */ = {isa = PBXFileReference; explicitFileType = undefined; fileEncoding = 9; includeInIndex = 0; lastKnownFileType = unknown; path = de.lproj; sourceTree = "<group>"; };
		1C8F75301455442188A96ED1 /* SOSPicker.h */ = {isa = PBXFileReference; explicitFileType = undefined; fileEncoding = 4; includeInIndex = 0; lastKnownFileType = sourcecode.c.h; name = SOSPicker.h; path = "cordova-plugin-telerik-imagepicker/SOSPicker.h"; sourceTree = "<group>"; };
		1D3623240D0F684500981E51 /* AppDelegate.h */ = {isa = PBXFileReference; fileEncoding = 4; lastKnownFileType = sourcecode.c.h; path = AppDelegate.h; sourceTree = "<group>"; };
		1D3623250D0F684500981E51 /* AppDelegate.m */ = {isa = PBXFileReference; fileEncoding = 4; lastKnownFileType = sourcecode.c.objc; path = AppDelegate.m; sourceTree = "<group>"; };
		1D6058910D05DD3D006BFB54 /* MyApp.app */ = {isa = PBXFileReference; explicitFileType = wrapper.application; includeInIndex = 0; path = MyApp.app; sourceTree = BUILT_PRODUCTS_DIR; };
		1D818409508047589CCA59C3 /* CDVStatusBar.m */ = {isa = PBXFileReference; explicitFileType = undefined; fileEncoding = 4; includeInIndex = 0; lastKnownFileType = sourcecode.c.objc; name = CDVStatusBar.m; path = "cordova-plugin-statusbar/CDVStatusBar.m"; sourceTree = "<group>"; };
		1E348D5A3C4C416EA54D0CAD /* GMGridViewCell.h */ = {isa = PBXFileReference; explicitFileType = undefined; fileEncoding = 4; includeInIndex = 0; lastKnownFileType = sourcecode.c.h; name = GMGridViewCell.h; path = "cordova-plugin-telerik-imagepicker/GMGridViewCell.h"; sourceTree = "<group>"; };
		1F67E990192941169F8BB490 /* pl.lproj */ = {isa = PBXFileReference; explicitFileType = undefined; fileEncoding = 9; includeInIndex = 0; lastKnownFileType = unknown; path = pl.lproj; sourceTree = "<group>"; };
		1FF4A282FF9943AA8A0D3C25 /* SQLitePlugin.m */ = {isa = PBXFileReference; explicitFileType = undefined; fileEncoding = 4; includeInIndex = 0; lastKnownFileType = sourcecode.c.objc; name = SQLitePlugin.m; path = "cordova-sqlite-storage/SQLitePlugin.m"; sourceTree = "<group>"; };
		218A89D434AA46EBAA631138 /* CDVCamera.m */ = {isa = PBXFileReference; explicitFileType = undefined; fileEncoding = 4; includeInIndex = 0; lastKnownFileType = sourcecode.c.objc; name = CDVCamera.m; path = "cordova-plugin-camera/CDVCamera.m"; sourceTree = "<group>"; };
		22404BFF092A49B7B20E4EC9 /* CDVCamera.h */ = {isa = PBXFileReference; explicitFileType = undefined; fileEncoding = 4; includeInIndex = 0; lastKnownFileType = sourcecode.c.h; name = CDVCamera.h; path = "cordova-plugin-camera/CDVCamera.h"; sourceTree = "<group>"; };
		22E482C1ADF94DE5A1731200 /* AFURLResponseSerialization.h */ = {isa = PBXFileReference; explicitFileType = undefined; fileEncoding = 4; includeInIndex = 0; lastKnownFileType = sourcecode.c.h; name = AFURLResponseSerialization.h; path = "cordova-plugin-advanced-http/AFURLResponseSerialization.h"; sourceTree = "<group>"; };
		2565128B078E4419B693836B /* it.lproj */ = {isa = PBXFileReference; explicitFileType = undefined; fileEncoding = 9; includeInIndex = 0; lastKnownFileType = unknown; path = it.lproj; sourceTree = "<group>"; };
		2757C1CE3F714D7194F12957 /* CDVWKWebViewEngine.m */ = {isa = PBXFileReference; explicitFileType = undefined; fileEncoding = 4; includeInIndex = 0; lastKnownFileType = sourcecode.c.objc; name = CDVWKWebViewEngine.m; path = "cordova-plugin-ionic-webview/CDVWKWebViewEngine.m"; sourceTree = "<group>"; };
		29973DED3F6C4920A9A6C064 /* GMFetchItem.m */ = {isa = PBXFileReference; explicitFileType = undefined; fileEncoding = 4; includeInIndex = 0; lastKnownFileType = sourcecode.c.objc; name = GMFetchItem.m; path = "cordova-plugin-telerik-imagepicker/GMFetchItem.m"; sourceTree = "<group>"; };
		29B97316FDCFA39411CA2CEA /* main.m */ = {isa = PBXFileReference; fileEncoding = 4; lastKnownFileType = sourcecode.c.objc; path = main.m; sourceTree = "<group>"; };
		2B84CAC7E250478A9A2D5A65 /* CDVWKProcessPoolFactory.m */ = {isa = PBXFileReference; explicitFileType = undefined; fileEncoding = 4; includeInIndex = 0; lastKnownFileType = sourcecode.c.objc; name = CDVWKProcessPoolFactory.m; path = "cordova-plugin-ionic-webview/CDVWKProcessPoolFactory.m"; sourceTree = "<group>"; };
		2C8E9F659ABD4B67B96B90DD /* AFSecurityPolicy.h */ = {isa = PBXFileReference; explicitFileType = undefined; fileEncoding = 4; includeInIndex = 0; lastKnownFileType = sourcecode.c.h; name = AFSecurityPolicy.h; path = "cordova-plugin-advanced-http/AFSecurityPolicy.h"; sourceTree = "<group>"; };
		2E612C51F7994FA6823C8BA4 /* zh-Hans.lproj */ = {isa = PBXFileReference; explicitFileType = undefined; fileEncoding = 9; includeInIndex = 0; lastKnownFileType = unknown; path = "zh-Hans.lproj"; sourceTree = "<group>"; };
		301BF52D109A57CC0062928A /* CordovaLib.xcodeproj */ = {isa = PBXFileReference; lastKnownFileType = "wrapper.pb-project"; name = CordovaLib.xcodeproj; path = CordovaLib/CordovaLib.xcodeproj; sourceTree = "<group>"; };
		301BF56E109A69640062928A /* www */ = {isa = PBXFileReference; lastKnownFileType = folder; path = www; sourceTree = SOURCE_ROOT; };
		302D95EE14D2391D003F00A1 /* MainViewController.h */ = {isa = PBXFileReference; fileEncoding = 4; lastKnownFileType = sourcecode.c.h; path = MainViewController.h; sourceTree = "<group>"; };
		302D95EF14D2391D003F00A1 /* MainViewController.m */ = {isa = PBXFileReference; fileEncoding = 4; lastKnownFileType = sourcecode.c.objc; path = MainViewController.m; sourceTree = "<group>"; };
		302D95F014D2391D003F00A1 /* MainViewController.xib */ = {isa = PBXFileReference; fileEncoding = 4; lastKnownFileType = file.xib; path = MainViewController.xib; sourceTree = "<group>"; };
		3047A50F1AB8059700498E2A /* build-debug.xcconfig */ = {isa = PBXFileReference; fileEncoding = 4; lastKnownFileType = text.xcconfig; name = "build-debug.xcconfig"; path = "cordova/build-debug.xcconfig"; sourceTree = SOURCE_ROOT; };
		3047A5101AB8059700498E2A /* build-release.xcconfig */ = {isa = PBXFileReference; fileEncoding = 4; lastKnownFileType = text.xcconfig; name = "build-release.xcconfig"; path = "cordova/build-release.xcconfig"; sourceTree = SOURCE_ROOT; };
		3047A5111AB8059700498E2A /* build.xcconfig */ = {isa = PBXFileReference; fileEncoding = 4; lastKnownFileType = text.xcconfig; name = build.xcconfig; path = cordova/build.xcconfig; sourceTree = SOURCE_ROOT; };
		32CA4F630368D1EE00C91783 /* MyApp-Prefix.pch */ = {isa = PBXFileReference; fileEncoding = 4; lastKnownFileType = sourcecode.c.h; path = "MyApp-Prefix.pch"; sourceTree = "<group>"; };
		32FF6723CDB34022B7DE23C4 /* GMGridViewController.h */ = {isa = PBXFileReference; explicitFileType = undefined; fileEncoding = 4; includeInIndex = 0; lastKnownFileType = sourcecode.c.h; name = GMGridViewController.h; path = "cordova-plugin-telerik-imagepicker/GMGridViewController.h"; sourceTree = "<group>"; };
		332A51019A564954897031B5 /* CDVWKWebViewFileXhr.m */ = {isa = PBXFileReference; explicitFileType = undefined; fileEncoding = 4; includeInIndex = 0; lastKnownFileType = sourcecode.c.objc; name = CDVWKWebViewFileXhr.m; path = "cordova-plugin-wkwebview-file-xhr/CDVWKWebViewFileXhr.m"; sourceTree = "<group>"; };
		34A88F6B4B21408DB8BEF121 /* es.lproj */ = {isa = PBXFileReference; explicitFileType = undefined; fileEncoding = 9; includeInIndex = 0; lastKnownFileType = unknown; path = es.lproj; sourceTree = "<group>"; };
		35658FC5C96441D0ABD4C046 /* CustomPSPDFThreadSafeMutableDictionary.m */ = {isa = PBXFileReference; explicitFileType = undefined; fileEncoding = 4; includeInIndex = 0; lastKnownFileType = sourcecode.c.objc; name = CustomPSPDFThreadSafeMutableDictionary.m; path = "cordova-sqlite-storage/CustomPSPDFThreadSafeMutableDictionary.m"; sourceTree = "<group>"; };
		3AAA0FA11B574E17805CD65B /* TextRequestSerializer.h */ = {isa = PBXFileReference; explicitFileType = undefined; fileEncoding = 4; includeInIndex = 0; lastKnownFileType = sourcecode.c.h; name = TextRequestSerializer.h; path = "cordova-plugin-advanced-http/TextRequestSerializer.h"; sourceTree = "<group>"; };
		3E694F8108DC4D2DB661B009 /* IONAssetHandler.h */ = {isa = PBXFileReference; explicitFileType = undefined; fileEncoding = 4; includeInIndex = 0; lastKnownFileType = sourcecode.c.h; name = IONAssetHandler.h; path = "cordova-plugin-ionic-webview/IONAssetHandler.h"; sourceTree = "<group>"; };
		3EC53F0360AB46DF98E276C2 /* CDVWKWebViewUIDelegate.h */ = {isa = PBXFileReference; explicitFileType = undefined; fileEncoding = 4; includeInIndex = 0; lastKnownFileType = sourcecode.c.h; name = CDVWKWebViewUIDelegate.h; path = "cordova-plugin-ionic-webview/CDVWKWebViewUIDelegate.h"; sourceTree = "<group>"; };
		419851F9BAA94DA589DE5523 /* GMVideoIcon@2x.png */ = {isa = PBXFileReference; explicitFileType = undefined; fileEncoding = 9; includeInIndex = 0; lastKnownFileType = unknown; path = "GMVideoIcon@2x.png"; sourceTree = "<group>"; };
		442F0FFFCFA1402BA27D262D /* AFNetworkReachabilityManager.m */ = {isa = PBXFileReference; explicitFileType = undefined; fileEncoding = 4; includeInIndex = 0; lastKnownFileType = sourcecode.c.objc; name = AFNetworkReachabilityManager.m; path = "cordova-plugin-advanced-http/AFNetworkReachabilityManager.m"; sourceTree = "<group>"; };
		446782D622514460A08226C1 /* CDVJpegHeaderWriter.h */ = {isa = PBXFileReference; explicitFileType = undefined; fileEncoding = 4; includeInIndex = 0; lastKnownFileType = sourcecode.c.h; name = CDVJpegHeaderWriter.h; path = "cordova-plugin-camera/CDVJpegHeaderWriter.h"; sourceTree = "<group>"; };
		456D900E058948448E5D9595 /* Base64ToGallery.h */ = {isa = PBXFileReference; explicitFileType = undefined; fileEncoding = 4; includeInIndex = 0; lastKnownFileType = sourcecode.c.h; name = Base64ToGallery.h; path = "cordova-base64-to-gallery/Base64ToGallery.h"; sourceTree = "<group>"; };
		4AF0199089714BB4B90F9FDB /* GMEmptyFolder@1x.png */ = {isa = PBXFileReference; explicitFileType = undefined; fileEncoding = 9; includeInIndex = 0; lastKnownFileType = unknown; path = "GMEmptyFolder@1x.png"; sourceTree = "<group>"; };
		4BF91B3C6CA245A5A6F19BFC /* GMAlbumsViewCell.m */ = {isa = PBXFileReference; explicitFileType = undefined; fileEncoding = 4; includeInIndex = 0; lastKnownFileType = sourcecode.c.objc; name = GMAlbumsViewCell.m; path = "cordova-plugin-telerik-imagepicker/GMAlbumsViewCell.m"; sourceTree = "<group>"; };
		4DC55F91F7D8498DAA9A4859 /* CDVBarcodeScanner.mm */ = {isa = PBXFileReference; explicitFileType = undefined; fileEncoding = 9; includeInIndex = 0; lastKnownFileType = unknown; name = CDVBarcodeScanner.mm; path = "phonegap-plugin-barcodescanner/CDVBarcodeScanner.mm"; sourceTree = "<group>"; };
		4E367A3342EE4DDF8153B77E /* pt.lproj */ = {isa = PBXFileReference; explicitFileType = undefined; fileEncoding = 9; includeInIndex = 0; lastKnownFileType = unknown; path = pt.lproj; sourceTree = "<group>"; };
		507CAB0A0A5C4F7DAFCE15EF /* BinaryRequestSerializer.h */ = {isa = PBXFileReference; explicitFileType = undefined; fileEncoding = 4; includeInIndex = 0; lastKnownFileType = sourcecode.c.h; name = BinaryRequestSerializer.h; path = "cordova-plugin-advanced-http/BinaryRequestSerializer.h"; sourceTree = "<group>"; };
		50A6FC91F6EC4014B7D65454 /* UIImage+CropScaleOrientation.h */ = {isa = PBXFileReference; explicitFileType = undefined; fileEncoding = 4; includeInIndex = 0; lastKnownFileType = sourcecode.c.h; name = "UIImage+CropScaleOrientation.h"; path = "cordova-plugin-camera/UIImage+CropScaleOrientation.h"; sourceTree = "<group>"; };
		5274DE6781CB4AB9B42A36BC /* MessageUI.framework */ = {isa = PBXFileReference; explicitFileType = undefined; fileEncoding = 9; includeInIndex = 0; lastKnownFileType = wrapper.framework; name = MessageUI.framework; path = System/Library/Frameworks/MessageUI.framework; sourceTree = SDKROOT; };
		52E266CD130D4E34B8F50401 /* AFHTTPSessionManager.h */ = {isa = PBXFileReference; explicitFileType = undefined; fileEncoding = 4; includeInIndex = 0; lastKnownFileType = sourcecode.c.h; name = AFHTTPSessionManager.h; path = "cordova-plugin-advanced-http/AFHTTPSessionManager.h"; sourceTree = "<group>"; };
		5478346012ED41F2B1686372 /* GMAlbumsViewCell.h */ = {isa = PBXFileReference; explicitFileType = undefined; fileEncoding = 4; includeInIndex = 0; lastKnownFileType = sourcecode.c.h; name = GMAlbumsViewCell.h; path = "cordova-plugin-telerik-imagepicker/GMAlbumsViewCell.h"; sourceTree = "<group>"; };
		5789549AC6034BB7B6ACDC14 /* TextResponseSerializer.m */ = {isa = PBXFileReference; explicitFileType = undefined; fileEncoding = 4; includeInIndex = 0; lastKnownFileType = sourcecode.c.objc; name = TextResponseSerializer.m; path = "cordova-plugin-advanced-http/TextResponseSerializer.m"; sourceTree = "<group>"; };
		581B6B716E3B46FA85DF8720 /* CDVBarcodeScanner.bundle */ = {isa = PBXFileReference; explicitFileType = undefined; fileEncoding = 9; includeInIndex = 0; lastKnownFileType = "wrapper.plug-in"; path = CDVBarcodeScanner.bundle; sourceTree = "<group>"; };
		5877EC58FFAF4948AE3BFB39 /* SystemConfiguration.framework */ = {isa = PBXFileReference; explicitFileType = undefined; fileEncoding = 9; includeInIndex = 0; lastKnownFileType = wrapper.framework; name = SystemConfiguration.framework; path = System/Library/Frameworks/SystemConfiguration.framework; sourceTree = SDKROOT; };
		5B6164CB17B74AD8B019F8C2 /* CDVIonicKeyboard.h */ = {isa = PBXFileReference; explicitFileType = undefined; fileEncoding = 4; includeInIndex = 0; lastKnownFileType = sourcecode.c.h; name = CDVIonicKeyboard.h; path = "cordova-plugin-ionic-keyboard/CDVIonicKeyboard.h"; sourceTree = "<group>"; };
		5BB6D6AA8DF84F54BB4338F8 /* ImageIO.framework */ = {isa = PBXFileReference; explicitFileType = undefined; fileEncoding = 9; includeInIndex = 0; lastKnownFileType = wrapper.framework; name = ImageIO.framework; path = System/Library/Frameworks/ImageIO.framework; sourceTree = SDKROOT; };
		63FCC8BB6A344565B379A9F9 /* GMPHAsset.h */ = {isa = PBXFileReference; explicitFileType = undefined; fileEncoding = 4; includeInIndex = 0; lastKnownFileType = sourcecode.c.h; name = GMPHAsset.h; path = "cordova-plugin-telerik-imagepicker/GMPHAsset.h"; sourceTree = "<group>"; };
		645C2A8E4DAC445BB7C76471 /* CDVAssetLibraryFilesystem.m */ = {isa = PBXFileReference; explicitFileType = undefined; fileEncoding = 4; includeInIndex = 0; lastKnownFileType = sourcecode.c.objc; name = CDVAssetLibraryFilesystem.m; path = "cordova-plugin-file/CDVAssetLibraryFilesystem.m"; sourceTree = "<group>"; };
		6AFF5BF81D6E424B00AB3073 /* CDVLaunchScreen.storyboard */ = {isa = PBXFileReference; fileEncoding = 4; lastKnownFileType = file.storyboard; name = CDVLaunchScreen.storyboard; path = MyApp/CDVLaunchScreen.storyboard; sourceTree = SOURCE_ROOT; };
		6DE2414A5F3544149FB83D07 /* FeHourGlass.m */ = {isa = PBXFileReference; explicitFileType = undefined; fileEncoding = 4; includeInIndex = 0; lastKnownFileType = sourcecode.c.objc; name = FeHourGlass.m; path = "cordova-plugin-telerik-imagepicker/FeHourGlass.m"; sourceTree = "<group>"; };
		6F53EA824A174EBA8E6C36DB /* AFURLSessionManager.m */ = {isa = PBXFileReference; explicitFileType = undefined; fileEncoding = 4; includeInIndex = 0; lastKnownFileType = sourcecode.c.objc; name = AFURLSessionManager.m; path = "cordova-plugin-advanced-http/AFURLSessionManager.m"; sourceTree = "<group>"; };
		70FD7670C10B4BC3A7803D07 /* CDVAssetLibraryFilesystem.h */ = {isa = PBXFileReference; explicitFileType = undefined; fileEncoding = 4; includeInIndex = 0; lastKnownFileType = sourcecode.c.h; name = CDVAssetLibraryFilesystem.h; path = "cordova-plugin-file/CDVAssetLibraryFilesystem.h"; sourceTree = "<group>"; };
		7113DCDC399B49DB8DE8E103 /* Photos.framework */ = {isa = PBXFileReference; explicitFileType = undefined; fileEncoding = 9; includeInIndex = 0; lastKnownFileType = wrapper.framework; name = Photos.framework; path = System/Library/Frameworks/Photos.framework; sourceTree = SDKROOT; };
		722BC31A58744223BEA7C689 /* GMImagePickerController.h */ = {isa = PBXFileReference; explicitFileType = undefined; fileEncoding = 4; includeInIndex = 0; lastKnownFileType = sourcecode.c.h; name = GMImagePickerController.h; path = "cordova-plugin-telerik-imagepicker/GMImagePickerController.h"; sourceTree = "<group>"; };
		7396A1AFDB3C42DF832C17BC /* PSYBlockTimer.h */ = {isa = PBXFileReference; explicitFileType = undefined; fileEncoding = 4; includeInIndex = 0; lastKnownFileType = sourcecode.c.h; name = PSYBlockTimer.h; path = "cordova-plugin-telerik-imagepicker/PSYBlockTimer.h"; sourceTree = "<group>"; };
		7FA6E1E4018F429D883BE808 /* GMSelected.png */ = {isa = PBXFileReference; explicitFileType = undefined; fileEncoding = 9; includeInIndex = 0; lastKnownFileType = unknown; path = GMSelected.png; sourceTree = "<group>"; };
		81F740A0F42341E79AF91CE8 /* CDVWKProcessPoolFactory.h */ = {isa = PBXFileReference; explicitFileType = undefined; fileEncoding = 4; includeInIndex = 0; lastKnownFileType = sourcecode.c.h; name = CDVWKProcessPoolFactory.h; path = "cordova-plugin-ionic-webview/CDVWKProcessPoolFactory.h"; sourceTree = "<group>"; };
		856F399A6C1242E79512518A /* SDNetworkActivityIndicator.h */ = {isa = PBXFileReference; explicitFileType = undefined; fileEncoding = 4; includeInIndex = 0; lastKnownFileType = sourcecode.c.h; name = SDNetworkActivityIndicator.h; path = "cordova-plugin-advanced-http/SDNetworkActivityIndicator.h"; sourceTree = "<group>"; };
		86B9F9CCA3DE41A8ACC7A6AB /* ca.lproj */ = {isa = PBXFileReference; explicitFileType = undefined; fileEncoding = 9; includeInIndex = 0; lastKnownFileType = unknown; path = ca.lproj; sourceTree = "<group>"; };
		899E380172A745939B110440 /* SDNetworkActivityIndicator.m */ = {isa = PBXFileReference; explicitFileType = undefined; fileEncoding = 4; includeInIndex = 0; lastKnownFileType = sourcecode.c.objc; name = SDNetworkActivityIndicator.m; path = "cordova-plugin-advanced-http/SDNetworkActivityIndicator.m"; sourceTree = "<group>"; };
		89C0D6345EE441399F102679 /* AFNetworkReachabilityManager.h */ = {isa = PBXFileReference; explicitFileType = undefined; fileEncoding = 4; includeInIndex = 0; lastKnownFileType = sourcecode.c.h; name = AFNetworkReachabilityManager.h; path = "cordova-plugin-advanced-http/AFNetworkReachabilityManager.h"; sourceTree = "<group>"; };
		89E316D6147F4CCF8367B952 /* AFURLSessionManager.h */ = {isa = PBXFileReference; explicitFileType = undefined; fileEncoding = 4; includeInIndex = 0; lastKnownFileType = sourcecode.c.h; name = AFURLSessionManager.h; path = "cordova-plugin-advanced-http/AFURLSessionManager.h"; sourceTree = "<group>"; };
		8B0E2861BD514E61814C62A0 /* CDVFile.h */ = {isa = PBXFileReference; explicitFileType = undefined; fileEncoding = 4; includeInIndex = 0; lastKnownFileType = sourcecode.c.h; name = CDVFile.h; path = "cordova-plugin-file/CDVFile.h"; sourceTree = "<group>"; };
		8D1107310486CEB800E47090 /* MyApp-Info.plist */ = {isa = PBXFileReference; fileEncoding = 4; lastKnownFileType = text.plist.xml; name = "MyApp-Info.plist"; path = "MyApp/MyApp-Info.plist"; plistStructureDefinitionIdentifier = "com.apple.xcode.plist.structure-definition.iphone.info-plist"; sourceTree = SOURCE_ROOT; };
		8E030BA0FD9748E494922C41 /* UIImage+fixOrientation.m */ = {isa = PBXFileReference; explicitFileType = undefined; fileEncoding = 4; includeInIndex = 0; lastKnownFileType = sourcecode.c.objc; name = "UIImage+fixOrientation.m"; path = "cordova-plugin-telerik-imagepicker/UIImage+fixOrientation.m"; sourceTree = "<group>"; };
		8F4461C6D4A34468B62ECE4E /* GMEmptyFolder@2x.png */ = {isa = PBXFileReference; explicitFileType = undefined; fileEncoding = 9; includeInIndex = 0; lastKnownFileType = unknown; path = "GMEmptyFolder@2x.png"; sourceTree = "<group>"; };
		90C47AC957B141C7941A812F /* GMAlbumsViewController.m */ = {isa = PBXFileReference; explicitFileType = undefined; fileEncoding = 4; includeInIndex = 0; lastKnownFileType = sourcecode.c.objc; name = GMAlbumsViewController.m; path = "cordova-plugin-telerik-imagepicker/GMAlbumsViewController.m"; sourceTree = "<group>"; };
		9197EC0D9CE14A48A2CD1E3E /* Social.framework */ = {isa = PBXFileReference; explicitFileType = undefined; fileEncoding = 9; includeInIndex = 0; lastKnownFileType = wrapper.framework; name = Social.framework; path = System/Library/Frameworks/Social.framework; sourceTree = SDKROOT; };
		923BE6DFCD6A460EA0547268 /* GMAlbumsViewController.h */ = {isa = PBXFileReference; explicitFileType = undefined; fileEncoding = 4; includeInIndex = 0; lastKnownFileType = sourcecode.c.h; name = GMAlbumsViewController.h; path = "cordova-plugin-telerik-imagepicker/GMAlbumsViewController.h"; sourceTree = "<group>"; };
		953277D1A62C4C55A45F1676 /* NSString+SSURLEncoding.m */ = {isa = PBXFileReference; explicitFileType = undefined; fileEncoding = 4; includeInIndex = 0; lastKnownFileType = sourcecode.c.objc; name = "NSString+SSURLEncoding.m"; path = "cordova-plugin-x-socialsharing/NSString+SSURLEncoding.m"; sourceTree = "<group>"; };
		954C361A97384CB0BC0B8F54 /* QuartzCore.framework */ = {isa = PBXFileReference; explicitFileType = undefined; fileEncoding = 9; includeInIndex = 0; lastKnownFileType = wrapper.framework; name = QuartzCore.framework; path = System/Library/Frameworks/QuartzCore.framework; sourceTree = SDKROOT; };
		9A3AC260B1C44586B89FC803 /* FileOpener2.h */ = {isa = PBXFileReference; explicitFileType = undefined; fileEncoding = 4; includeInIndex = 0; lastKnownFileType = sourcecode.c.h; name = FileOpener2.h; path = "cordova-plugin-file-opener2/FileOpener2.h"; sourceTree = "<group>"; };
		9C3A3F62A5AB40229B30C112 /* CDVDevice.m */ = {isa = PBXFileReference; explicitFileType = undefined; fileEncoding = 4; includeInIndex = 0; lastKnownFileType = sourcecode.c.objc; name = CDVDevice.m; path = "cordova-plugin-device/CDVDevice.m"; sourceTree = "<group>"; };
		9C6B0C90ECF448ABB0978601 /* CDVWKWebViewUIDelegate.m */ = {isa = PBXFileReference; explicitFileType = undefined; fileEncoding = 4; includeInIndex = 0; lastKnownFileType = sourcecode.c.objc; name = CDVWKWebViewUIDelegate.m; path = "cordova-plugin-ionic-webview/CDVWKWebViewUIDelegate.m"; sourceTree = "<group>"; };
		9D7C1C80DF3D48DDAB81AD33 /* AFURLRequestSerialization.m */ = {isa = PBXFileReference; explicitFileType = undefined; fileEncoding = 4; includeInIndex = 0; lastKnownFileType = sourcecode.c.objc; name = AFURLRequestSerialization.m; path = "cordova-plugin-advanced-http/AFURLRequestSerialization.m"; sourceTree = "<group>"; };
		9F3D9ADDECED4EBDA7B6BF8D /* CDVDevice.h */ = {isa = PBXFileReference; explicitFileType = undefined; fileEncoding = 4; includeInIndex = 0; lastKnownFileType = sourcecode.c.h; name = CDVDevice.h; path = "cordova-plugin-device/CDVDevice.h"; sourceTree = "<group>"; };
		A07C39BF1351402393FC2651 /* AFURLRequestSerialization.h */ = {isa = PBXFileReference; explicitFileType = undefined; fileEncoding = 4; includeInIndex = 0; lastKnownFileType = sourcecode.c.h; name = AFURLRequestSerialization.h; path = "cordova-plugin-advanced-http/AFURLRequestSerialization.h"; sourceTree = "<group>"; };
		A092195B0B18490F96E04FA7 /* PSYBlockTimer.m */ = {isa = PBXFileReference; explicitFileType = undefined; fileEncoding = 4; includeInIndex = 0; lastKnownFileType = sourcecode.c.objc; name = PSYBlockTimer.m; path = "cordova-plugin-telerik-imagepicker/PSYBlockTimer.m"; sourceTree = "<group>"; };
		A1E0F411E1BA450998A8CC31 /* BinaryRequestSerializer.m */ = {isa = PBXFileReference; explicitFileType = undefined; fileEncoding = 4; includeInIndex = 0; lastKnownFileType = sourcecode.c.objc; name = BinaryRequestSerializer.m; path = "cordova-plugin-advanced-http/BinaryRequestSerializer.m"; sourceTree = "<group>"; };
		A75CC39DC30743008880148F /* CDVFile.m */ = {isa = PBXFileReference; explicitFileType = undefined; fileEncoding = 4; includeInIndex = 0; lastKnownFileType = sourcecode.c.objc; name = CDVFile.m; path = "cordova-plugin-file/CDVFile.m"; sourceTree = "<group>"; };
		A9FF7695A8DE4DF38345ADAC /* UIImage+fixOrientation.h */ = {isa = PBXFileReference; explicitFileType = undefined; fileEncoding = 4; includeInIndex = 0; lastKnownFileType = sourcecode.c.h; name = "UIImage+fixOrientation.h"; path = "cordova-plugin-telerik-imagepicker/UIImage+fixOrientation.h"; sourceTree = "<group>"; };
		AA54B34E83604811B9066932 /* AudioToolbox.framework */ = {isa = PBXFileReference; explicitFileType = undefined; fileEncoding = 9; includeInIndex = 0; lastKnownFileType = wrapper.framework; name = AudioToolbox.framework; path = System/Library/Frameworks/AudioToolbox.framework; sourceTree = SDKROOT; };
		AA84A0D9C5334D23873C9A83 /* GMGridViewController.m */ = {isa = PBXFileReference; explicitFileType = undefined; fileEncoding = 4; includeInIndex = 0; lastKnownFileType = sourcecode.c.objc; name = GMGridViewController.m; path = "cordova-plugin-telerik-imagepicker/GMGridViewController.m"; sourceTree = "<group>"; };
		AD4D095780834A3B808C545F /* WebKit.framework */ = {isa = PBXFileReference; explicitFileType = undefined; fileEncoding = 9; includeInIndex = 0; lastKnownFileType = wrapper.framework; name = WebKit.framework; path = System/Library/Frameworks/WebKit.framework; sourceTree = SDKROOT; };
		AE554C7EE2E6435293812A79 /* Security.framework */ = {isa = PBXFileReference; explicitFileType = undefined; fileEncoding = 9; includeInIndex = 0; lastKnownFileType = wrapper.framework; name = Security.framework; path = System/Library/Frameworks/Security.framework; sourceTree = SDKROOT; };
		B0761BEAA7AE43F3ADCFD72A /* AVFoundation.framework */ = {isa = PBXFileReference; explicitFileType = undefined; fileEncoding = 9; includeInIndex = 0; lastKnownFileType = wrapper.framework; name = AVFoundation.framework; path = System/Library/Frameworks/AVFoundation.framework; sourceTree = SDKROOT; };
		B205D0AAE6244395AA62CCC6 /* CDVWKWebViewFileXhr.h */ = {isa = PBXFileReference; explicitFileType = undefined; fileEncoding = 4; includeInIndex = 0; lastKnownFileType = sourcecode.c.h; name = CDVWKWebViewFileXhr.h; path = "cordova-plugin-wkwebview-file-xhr/CDVWKWebViewFileXhr.h"; sourceTree = "<group>"; };
		B51A09C51E9241E6BD38888A /* FileOpener2.m */ = {isa = PBXFileReference; explicitFileType = undefined; fileEncoding = 4; includeInIndex = 0; lastKnownFileType = sourcecode.c.objc; name = FileOpener2.m; path = "cordova-plugin-file-opener2/FileOpener2.m"; sourceTree = "<group>"; };
		B52786BE761C43C183926435 /* CDVLocalFilesystem.m */ = {isa = PBXFileReference; explicitFileType = undefined; fileEncoding = 4; includeInIndex = 0; lastKnownFileType = sourcecode.c.objc; name = CDVLocalFilesystem.m; path = "cordova-plugin-file/CDVLocalFilesystem.m"; sourceTree = "<group>"; };
		B55CE76FF60E443F9311E539 /* BinaryResponseSerializer.m */ = {isa = PBXFileReference; explicitFileType = undefined; fileEncoding = 4; includeInIndex = 0; lastKnownFileType = sourcecode.c.objc; name = BinaryResponseSerializer.m; path = "cordova-plugin-advanced-http/BinaryResponseSerializer.m"; sourceTree = "<group>"; };
		BA3B423A2E13432C9EB40585 /* CDVJpegHeaderWriter.m */ = {isa = PBXFileReference; explicitFileType = undefined; fileEncoding = 4; includeInIndex = 0; lastKnownFileType = sourcecode.c.objc; name = CDVJpegHeaderWriter.m; path = "cordova-plugin-camera/CDVJpegHeaderWriter.m"; sourceTree = "<group>"; };
		BA5C454B69F64232B712FB52 /* NSString+SSURLEncoding.h */ = {isa = PBXFileReference; explicitFileType = undefined; fileEncoding = 4; includeInIndex = 0; lastKnownFileType = sourcecode.c.h; name = "NSString+SSURLEncoding.h"; path = "cordova-plugin-x-socialsharing/NSString+SSURLEncoding.h"; sourceTree = "<group>"; };
		BDE66F51E8644A97BAB2B2CD /* CDVExif.h */ = {isa = PBXFileReference; explicitFileType = undefined; fileEncoding = 4; includeInIndex = 0; lastKnownFileType = sourcecode.c.h; name = CDVExif.h; path = "cordova-plugin-camera/CDVExif.h"; sourceTree = "<group>"; };
		BE5EE47CB2674D9B8E616839 /* AFURLResponseSerialization.m */ = {isa = PBXFileReference; explicitFileType = undefined; fileEncoding = 4; includeInIndex = 0; lastKnownFileType = sourcecode.c.objc; name = AFURLResponseSerialization.m; path = "cordova-plugin-advanced-http/AFURLResponseSerialization.m"; sourceTree = "<group>"; };
		BF1A3282931848638C4907A6 /* sqlite3.h */ = {isa = PBXFileReference; explicitFileType = undefined; fileEncoding = 4; includeInIndex = 0; lastKnownFileType = sourcecode.c.h; name = sqlite3.h; path = "cordova-sqlite-storage/sqlite3.h"; sourceTree = "<group>"; };
		C09BA595296E46FCA8265B56 /* GMPHAsset.m */ = {isa = PBXFileReference; explicitFileType = undefined; fileEncoding = 4; includeInIndex = 0; lastKnownFileType = sourcecode.c.objc; name = GMPHAsset.m; path = "cordova-plugin-telerik-imagepicker/GMPHAsset.m"; sourceTree = "<group>"; };
		C15A569446494BC0A2E120B7 /* IONAssetHandler.m */ = {isa = PBXFileReference; explicitFileType = undefined; fileEncoding = 4; includeInIndex = 0; lastKnownFileType = sourcecode.c.objc; name = IONAssetHandler.m; path = "cordova-plugin-ionic-webview/IONAssetHandler.m"; sourceTree = "<group>"; };
		C2CD2C9659AD40B9BDACF6FD /* Accelerate.framework */ = {isa = PBXFileReference; explicitFileType = undefined; fileEncoding = 9; includeInIndex = 0; lastKnownFileType = wrapper.framework; name = Accelerate.framework; path = System/Library/Frameworks/Accelerate.framework; sourceTree = SDKROOT; };
		C5897CCDAAD0445CA449F2D6 /* GMSelected@2x.png */ = {isa = PBXFileReference; explicitFileType = undefined; fileEncoding = 9; includeInIndex = 0; lastKnownFileType = unknown; path = "GMSelected@2x.png"; sourceTree = "<group>"; };
		CB2681D96FC0446087AD49E2 /* AFHTTPSessionManager.m */ = {isa = PBXFileReference; explicitFileType = undefined; fileEncoding = 4; includeInIndex = 0; lastKnownFileType = sourcecode.c.objc; name = AFHTTPSessionManager.m; path = "cordova-plugin-advanced-http/AFHTTPSessionManager.m"; sourceTree = "<group>"; };
		CE0F9FEC394B423CBCA9DB27 /* CoreLocation.framework */ = {isa = PBXFileReference; explicitFileType = undefined; fileEncoding = 9; includeInIndex = 0; lastKnownFileType = wrapper.framework; name = CoreLocation.framework; path = System/Library/Frameworks/CoreLocation.framework; sourceTree = SDKROOT; };
		CEFC9B28EFB5415E98FAE95C /* APPEmailComposerImpl.h */ = {isa = PBXFileReference; explicitFileType = undefined; fileEncoding = 4; includeInIndex = 0; lastKnownFileType = sourcecode.c.h; name = APPEmailComposerImpl.h; path = "cordova-plugin-email-composer/APPEmailComposerImpl.h"; sourceTree = "<group>"; };
		D234C646E72044C8ABCCB9B7 /* CDVWKWebViewEngine.h */ = {isa = PBXFileReference; explicitFileType = undefined; fileEncoding = 4; includeInIndex = 0; lastKnownFileType = sourcecode.c.h; name = CDVWKWebViewEngine.h; path = "cordova-plugin-ionic-webview/CDVWKWebViewEngine.h"; sourceTree = "<group>"; };
		D7693D0674F847CA918BB46B /* CDVStatusBar.h */ = {isa = PBXFileReference; explicitFileType = undefined; fileEncoding = 4; includeInIndex = 0; lastKnownFileType = sourcecode.c.h; name = CDVStatusBar.h; path = "cordova-plugin-statusbar/CDVStatusBar.h"; sourceTree = "<group>"; };
		D7826E37D53247A7B20BC00C /* TextRequestSerializer.m */ = {isa = PBXFileReference; explicitFileType = undefined; fileEncoding = 4; includeInIndex = 0; lastKnownFileType = sourcecode.c.objc; name = TextRequestSerializer.m; path = "cordova-plugin-advanced-http/TextRequestSerializer.m"; sourceTree = "<group>"; };
		DA55020B541F439E900E3CC8 /* GMVideoIcon.png */ = {isa = PBXFileReference; explicitFileType = undefined; fileEncoding = 9; includeInIndex = 0; lastKnownFileType = unknown; path = GMVideoIcon.png; sourceTree = "<group>"; };
		DB222AB5104A435EA7A7F3A0 /* scannerOverlay.xib */ = {isa = PBXFileReference; explicitFileType = undefined; fileEncoding = 9; includeInIndex = 0; lastKnownFileType = file.xib; path = scannerOverlay.xib; sourceTree = "<group>"; };
		DB6BDA6C87DB481195EBD877 /* APPEmailComposer.m */ = {isa = PBXFileReference; explicitFileType = undefined; fileEncoding = 4; includeInIndex = 0; lastKnownFileType = sourcecode.c.objc; name = APPEmailComposer.m; path = "cordova-plugin-email-composer/APPEmailComposer.m"; sourceTree = "<group>"; };
		DBB4F22B66D847DB822D4FE4 /* CDVLocalFilesystem.h */ = {isa = PBXFileReference; explicitFileType = undefined; fileEncoding = 4; includeInIndex = 0; lastKnownFileType = sourcecode.c.h; name = CDVLocalFilesystem.h; path = "cordova-plugin-file/CDVLocalFilesystem.h"; sourceTree = "<group>"; };
		DC0896761B6244A0B6002570 /* AFNetworking.h */ = {isa = PBXFileReference; explicitFileType = undefined; fileEncoding = 4; includeInIndex = 0; lastKnownFileType = sourcecode.c.h; name = AFNetworking.h; path = "cordova-plugin-advanced-http/AFNetworking.h"; sourceTree = "<group>"; };
		DCA2C07F540E45DE93E6C0B7 /* Base64ToGallery.m */ = {isa = PBXFileReference; explicitFileType = undefined; fileEncoding = 4; includeInIndex = 0; lastKnownFileType = sourcecode.c.objc; name = Base64ToGallery.m; path = "cordova-base64-to-gallery/Base64ToGallery.m"; sourceTree = "<group>"; };
		DCD12F8A932B4CF597ABEF16 /* APPEmailComposerImpl.m */ = {isa = PBXFileReference; explicitFileType = undefined; fileEncoding = 4; includeInIndex = 0; lastKnownFileType = sourcecode.c.objc; name = APPEmailComposerImpl.m; path = "cordova-plugin-email-composer/APPEmailComposerImpl.m"; sourceTree = "<group>"; };
		E18F14566F05421EB6B3C2C8 /* CFCallNumber.m */ = {isa = PBXFileReference; explicitFileType = undefined; fileEncoding = 4; includeInIndex = 0; lastKnownFileType = sourcecode.c.objc; name = CFCallNumber.m; path = "call-number/CFCallNumber.m"; sourceTree = "<group>"; };
		E783CD63BDAB4D64B10B78F0 /* GMGridViewCell.m */ = {isa = PBXFileReference; explicitFileType = undefined; fileEncoding = 4; includeInIndex = 0; lastKnownFileType = sourcecode.c.objc; name = GMGridViewCell.m; path = "cordova-plugin-telerik-imagepicker/GMGridViewCell.m"; sourceTree = "<group>"; };
		E9777B629F074BE7A1390477 /* CordovaHttpPlugin.m */ = {isa = PBXFileReference; explicitFileType = undefined; fileEncoding = 4; includeInIndex = 0; lastKnownFileType = sourcecode.c.objc; name = CordovaHttpPlugin.m; path = "cordova-plugin-advanced-http/CordovaHttpPlugin.m"; sourceTree = "<group>"; };
		EA94AD674E1846478D8FB6E3 /* AFSecurityPolicy.m */ = {isa = PBXFileReference; explicitFileType = undefined; fileEncoding = 4; includeInIndex = 0; lastKnownFileType = sourcecode.c.objc; name = AFSecurityPolicy.m; path = "cordova-plugin-advanced-http/AFSecurityPolicy.m"; sourceTree = "<group>"; };
		EA96B6DC61884965B32AF811 /* BinaryResponseSerializer.h */ = {isa = PBXFileReference; explicitFileType = undefined; fileEncoding = 4; includeInIndex = 0; lastKnownFileType = sourcecode.c.h; name = BinaryResponseSerializer.h; path = "cordova-plugin-advanced-http/BinaryResponseSerializer.h"; sourceTree = "<group>"; };
		EB87FDF31871DA8E0020F90C /* www */ = {isa = PBXFileReference; lastKnownFileType = folder; name = www; path = ../../www; sourceTree = "<group>"; };
		EB87FDF41871DAF40020F90C /* config.xml */ = {isa = PBXFileReference; lastKnownFileType = text.xml; name = config.xml; path = ../../config.xml; sourceTree = "<group>"; };
		EC53088D0D0B458FB9D5E217 /* en.lproj */ = {isa = PBXFileReference; explicitFileType = undefined; fileEncoding = 9; includeInIndex = 0; lastKnownFileType = unknown; path = en.lproj; sourceTree = "<group>"; };
		ED33DF2A687741AEAF9F8254 /* Bridging-Header.h */ = {isa = PBXFileReference; fileEncoding = 4; lastKnownFileType = sourcecode.c.h; path = "Bridging-Header.h"; sourceTree = "<group>"; };
		F010139B78414F39AC7F5A97 /* CDVIonicKeyboard.m */ = {isa = PBXFileReference; explicitFileType = undefined; fileEncoding = 4; includeInIndex = 0; lastKnownFileType = sourcecode.c.objc; name = CDVIonicKeyboard.m; path = "cordova-plugin-ionic-keyboard/CDVIonicKeyboard.m"; sourceTree = "<group>"; };
		F2A63DA92E2B45D985283123 /* SocialSharing.h */ = {isa = PBXFileReference; explicitFileType = undefined; fileEncoding = 4; includeInIndex = 0; lastKnownFileType = sourcecode.c.h; name = SocialSharing.h; path = "cordova-plugin-x-socialsharing/SocialSharing.h"; sourceTree = "<group>"; };
		F840E1F0165FE0F500CFE078 /* config.xml */ = {isa = PBXFileReference; lastKnownFileType = text.xml; name = config.xml; path = MyApp/config.xml; sourceTree = "<group>"; };
		F9BFD6C59E6F45CBB6D3645B /* CordovaHttpPlugin.h */ = {isa = PBXFileReference; explicitFileType = undefined; fileEncoding = 4; includeInIndex = 0; lastKnownFileType = sourcecode.c.h; name = CordovaHttpPlugin.h; path = "cordova-plugin-advanced-http/CordovaHttpPlugin.h"; sourceTree = "<group>"; };
		FB82E783685D4E36874AE768 /* UIImage+CropScaleOrientation.m */ = {isa = PBXFileReference; explicitFileType = undefined; fileEncoding = 4; includeInIndex = 0; lastKnownFileType = sourcecode.c.objc; name = "UIImage+CropScaleOrientation.m"; path = "cordova-plugin-camera/UIImage+CropScaleOrientation.m"; sourceTree = "<group>"; };
		FD7232CE050F4898A597F639 /* sqlite3.c */ = {isa = PBXFileReference; explicitFileType = undefined; fileEncoding = 9; includeInIndex = 0; lastKnownFileType = unknown; name = sqlite3.c; path = "cordova-sqlite-storage/sqlite3.c"; sourceTree = "<group>"; };
		FFDFF2DFE4CE4B9EB4F70A54 /* TextResponseSerializer.h */ = {isa = PBXFileReference; explicitFileType = undefined; fileEncoding = 4; includeInIndex = 0; lastKnownFileType = sourcecode.c.h; name = TextResponseSerializer.h; path = "cordova-plugin-advanced-http/TextResponseSerializer.h"; sourceTree = "<group>"; };
/* End PBXFileReference section */

/* Begin PBXFrameworksBuildPhase section */
		1D60588F0D05DD3D006BFB54 /* Frameworks */ = {
			isa = PBXFrameworksBuildPhase;
			buildActionMask = 2147483647;
			files = (
				301BF552109A68D80062928A /* libCordova.a in Frameworks */,
				8ABC9687B6AE44BD8AA57D69 /* Security.framework in Frameworks */,
				4CC66AA6C9B44A62BC0A26D2 /* SystemConfiguration.framework in Frameworks */,
				39BE21997B55426180A2EDE1 /* ImageIO.framework in Frameworks */,
				6A54592122CD4E2DBA7EA149 /* CoreLocation.framework in Frameworks */,
				4719F3C5A1B2445F9F25FB14 /* AVFoundation.framework in Frameworks */,
				95A4E4DAA2694132AE32686F /* MessageUI.framework in Frameworks */,
				EEBFFD4F404A46BB8E4A647C /* WebKit.framework in Frameworks */,
				808627E8B06D4854949A729E /* Accelerate.framework in Frameworks */,
				7A25892B7EE7439AA54445B0 /* Photos.framework in Frameworks */,
				1B9BD705A5C2404C8F726EB1 /* QuartzCore.framework in Frameworks */,
				C1FD5A33615548D48037D32A /* Social.framework in Frameworks */,
				3A9437F717894DE6ACCEEAA7 /* AudioToolbox.framework in Frameworks */,
			);
			runOnlyForDeploymentPostprocessing = 0;
		};
/* End PBXFrameworksBuildPhase section */

/* Begin PBXGroup section */
		080E96DDFE201D6D7F000001 /* Classes */ = {
			isa = PBXGroup;
			children = (
				302D95EE14D2391D003F00A1 /* MainViewController.h */,
				302D95EF14D2391D003F00A1 /* MainViewController.m */,
				302D95F014D2391D003F00A1 /* MainViewController.xib */,
				1D3623240D0F684500981E51 /* AppDelegate.h */,
				1D3623250D0F684500981E51 /* AppDelegate.m */,
			);
			name = Classes;
			path = MyApp/Classes;
			sourceTree = SOURCE_ROOT;
		};
		19C28FACFE9D520D11CA2CBB /* Products */ = {
			isa = PBXGroup;
			children = (
				1D6058910D05DD3D006BFB54 /* MyApp.app */,
			);
			name = Products;
			sourceTree = "<group>";
		};
		29B97314FDCFA39411CA2CEA /* CustomTemplate */ = {
			isa = PBXGroup;
			children = (
				EB87FDF41871DAF40020F90C /* config.xml */,
				EB87FDF31871DA8E0020F90C /* www */,
				EB87FDF11871DA420020F90C /* Staging */,
				301BF52D109A57CC0062928A /* CordovaLib.xcodeproj */,
				080E96DDFE201D6D7F000001 /* Classes */,
				307C750510C5A3420062BCA9 /* Plugins */,
				29B97315FDCFA39411CA2CEA /* Other Sources */,
				29B97317FDCFA39411CA2CEA /* Resources */,
				29B97323FDCFA39411CA2CEA /* Frameworks */,
				19C28FACFE9D520D11CA2CBB /* Products */,
			);
			name = CustomTemplate;
			sourceTree = "<group>";
		};
		29B97315FDCFA39411CA2CEA /* Other Sources */ = {
			isa = PBXGroup;
			children = (
				32CA4F630368D1EE00C91783 /* MyApp-Prefix.pch */,
				29B97316FDCFA39411CA2CEA /* main.m */,
				ED33DF2A687741AEAF9F8254 /* Bridging-Header.h */,
			);
			name = "Other Sources";
			path = MyApp;
			sourceTree = "<group>";
		};
		29B97317FDCFA39411CA2CEA /* Resources */ = {
			isa = PBXGroup;
			children = (
				0207DA571B56EA530066E2B4 /* Images.xcassets */,
				3047A50E1AB8057F00498E2A /* config */,
				8D1107310486CEB800E47090 /* MyApp-Info.plist */,
				6AFF5BF81D6E424B00AB3073 /* CDVLaunchScreen.storyboard */,
				4AF0199089714BB4B90F9FDB /* GMEmptyFolder@1x.png */,
				8F4461C6D4A34468B62ECE4E /* GMEmptyFolder@2x.png */,
				7FA6E1E4018F429D883BE808 /* GMSelected.png */,
				C5897CCDAAD0445CA449F2D6 /* GMSelected@2x.png */,
				DA55020B541F439E900E3CC8 /* GMVideoIcon.png */,
				419851F9BAA94DA589DE5523 /* GMVideoIcon@2x.png */,
				86B9F9CCA3DE41A8ACC7A6AB /* ca.lproj */,
				1C5F3FBFA98942CA83381B37 /* de.lproj */,
				EC53088D0D0B458FB9D5E217 /* en.lproj */,
				34A88F6B4B21408DB8BEF121 /* es.lproj */,
				1652B008841548A18E0FD427 /* fr.lproj */,
				2565128B078E4419B693836B /* it.lproj */,
				4E367A3342EE4DDF8153B77E /* pt.lproj */,
				1F67E990192941169F8BB490 /* pl.lproj */,
				2E612C51F7994FA6823C8BA4 /* zh-Hans.lproj */,
				DB222AB5104A435EA7A7F3A0 /* scannerOverlay.xib */,
				581B6B716E3B46FA85DF8720 /* CDVBarcodeScanner.bundle */,
			);
			name = Resources;
			path = MyApp/Resources;
			sourceTree = "<group>";
		};
		29B97323FDCFA39411CA2CEA /* Frameworks */ = {
			isa = PBXGroup;
			children = (
				AE554C7EE2E6435293812A79 /* Security.framework */,
				5877EC58FFAF4948AE3BFB39 /* SystemConfiguration.framework */,
				5BB6D6AA8DF84F54BB4338F8 /* ImageIO.framework */,
				CE0F9FEC394B423CBCA9DB27 /* CoreLocation.framework */,
				B0761BEAA7AE43F3ADCFD72A /* AVFoundation.framework */,
				5274DE6781CB4AB9B42A36BC /* MessageUI.framework */,
				AD4D095780834A3B808C545F /* WebKit.framework */,
				C2CD2C9659AD40B9BDACF6FD /* Accelerate.framework */,
				7113DCDC399B49DB8DE8E103 /* Photos.framework */,
				954C361A97384CB0BC0B8F54 /* QuartzCore.framework */,
				9197EC0D9CE14A48A2CD1E3E /* Social.framework */,
				AA54B34E83604811B9066932 /* AudioToolbox.framework */,
			);
			name = Frameworks;
			sourceTree = "<group>";
		};
		301BF52E109A57CC0062928A /* Products */ = {
			isa = PBXGroup;
			children = (
				301BF535109A57CC0062928A /* libCordova.a */,
				907D8124214C687600058A10 /* Cordova.framework */,
			);
			name = Products;
			sourceTree = "<group>";
		};
		3047A50E1AB8057F00498E2A /* config */ = {
			isa = PBXGroup;
			children = (
				3047A50F1AB8059700498E2A /* build-debug.xcconfig */,
				3047A5101AB8059700498E2A /* build-release.xcconfig */,
				3047A5111AB8059700498E2A /* build.xcconfig */,
			);
			name = config;
			sourceTree = "<group>";
		};
		307C750510C5A3420062BCA9 /* Plugins */ = {
			isa = PBXGroup;
			children = (
				E18F14566F05421EB6B3C2C8 /* CFCallNumber.m */,
				0F21844BE7A7440FA3B72F50 /* CFCallNumber.h */,
				DCA2C07F540E45DE93E6C0B7 /* Base64ToGallery.m */,
				456D900E058948448E5D9595 /* Base64ToGallery.h */,
				A75CC39DC30743008880148F /* CDVFile.m */,
				B52786BE761C43C183926435 /* CDVLocalFilesystem.m */,
				645C2A8E4DAC445BB7C76471 /* CDVAssetLibraryFilesystem.m */,
				8B0E2861BD514E61814C62A0 /* CDVFile.h */,
				DBB4F22B66D847DB822D4FE4 /* CDVLocalFilesystem.h */,
				70FD7670C10B4BC3A7803D07 /* CDVAssetLibraryFilesystem.h */,
				E9777B629F074BE7A1390477 /* CordovaHttpPlugin.m */,
				A1E0F411E1BA450998A8CC31 /* BinaryRequestSerializer.m */,
				B55CE76FF60E443F9311E539 /* BinaryResponseSerializer.m */,
				5789549AC6034BB7B6ACDC14 /* TextResponseSerializer.m */,
				D7826E37D53247A7B20BC00C /* TextRequestSerializer.m */,
				CB2681D96FC0446087AD49E2 /* AFHTTPSessionManager.m */,
				442F0FFFCFA1402BA27D262D /* AFNetworkReachabilityManager.m */,
				EA94AD674E1846478D8FB6E3 /* AFSecurityPolicy.m */,
				9D7C1C80DF3D48DDAB81AD33 /* AFURLRequestSerialization.m */,
				BE5EE47CB2674D9B8E616839 /* AFURLResponseSerialization.m */,
				6F53EA824A174EBA8E6C36DB /* AFURLSessionManager.m */,
				899E380172A745939B110440 /* SDNetworkActivityIndicator.m */,
				F9BFD6C59E6F45CBB6D3645B /* CordovaHttpPlugin.h */,
				507CAB0A0A5C4F7DAFCE15EF /* BinaryRequestSerializer.h */,
				EA96B6DC61884965B32AF811 /* BinaryResponseSerializer.h */,
				FFDFF2DFE4CE4B9EB4F70A54 /* TextResponseSerializer.h */,
				3AAA0FA11B574E17805CD65B /* TextRequestSerializer.h */,
				52E266CD130D4E34B8F50401 /* AFHTTPSessionManager.h */,
				DC0896761B6244A0B6002570 /* AFNetworking.h */,
				89C0D6345EE441399F102679 /* AFNetworkReachabilityManager.h */,
				2C8E9F659ABD4B67B96B90DD /* AFSecurityPolicy.h */,
				A07C39BF1351402393FC2651 /* AFURLRequestSerialization.h */,
				22E482C1ADF94DE5A1731200 /* AFURLResponseSerialization.h */,
				89E316D6147F4CCF8367B952 /* AFURLSessionManager.h */,
				856F399A6C1242E79512518A /* SDNetworkActivityIndicator.h */,
				FB82E783685D4E36874AE768 /* UIImage+CropScaleOrientation.m */,
				218A89D434AA46EBAA631138 /* CDVCamera.m */,
				BA3B423A2E13432C9EB40585 /* CDVJpegHeaderWriter.m */,
				50A6FC91F6EC4014B7D65454 /* UIImage+CropScaleOrientation.h */,
				22404BFF092A49B7B20E4EC9 /* CDVCamera.h */,
				446782D622514460A08226C1 /* CDVJpegHeaderWriter.h */,
				BDE66F51E8644A97BAB2B2CD /* CDVExif.h */,
				9C3A3F62A5AB40229B30C112 /* CDVDevice.m */,
				9F3D9ADDECED4EBDA7B6BF8D /* CDVDevice.h */,
				DB6BDA6C87DB481195EBD877 /* APPEmailComposer.m */,
				DCD12F8A932B4CF597ABEF16 /* APPEmailComposerImpl.m */,
				0FFA58D57A724E9582A5004E /* APPEmailComposer.h */,
				CEFC9B28EFB5415E98FAE95C /* APPEmailComposerImpl.h */,
				B51A09C51E9241E6BD38888A /* FileOpener2.m */,
				9A3AC260B1C44586B89FC803 /* FileOpener2.h */,
				F010139B78414F39AC7F5A97 /* CDVIonicKeyboard.m */,
				5B6164CB17B74AD8B019F8C2 /* CDVIonicKeyboard.h */,
				2757C1CE3F714D7194F12957 /* CDVWKWebViewEngine.m */,
				9C6B0C90ECF448ABB0978601 /* CDVWKWebViewUIDelegate.m */,
				2B84CAC7E250478A9A2D5A65 /* CDVWKProcessPoolFactory.m */,
				C15A569446494BC0A2E120B7 /* IONAssetHandler.m */,
				D234C646E72044C8ABCCB9B7 /* CDVWKWebViewEngine.h */,
				3EC53F0360AB46DF98E276C2 /* CDVWKWebViewUIDelegate.h */,
				81F740A0F42341E79AF91CE8 /* CDVWKProcessPoolFactory.h */,
				3E694F8108DC4D2DB661B009 /* IONAssetHandler.h */,
				1D818409508047589CCA59C3 /* CDVStatusBar.m */,
				D7693D0674F847CA918BB46B /* CDVStatusBar.h */,
				19A5774BAD934027A46C174E /* SOSPicker.m */,
				6DE2414A5F3544149FB83D07 /* FeHourGlass.m */,
				8E030BA0FD9748E494922C41 /* UIImage+fixOrientation.m */,
				4BF91B3C6CA245A5A6F19BFC /* GMAlbumsViewCell.m */,
				90C47AC957B141C7941A812F /* GMAlbumsViewController.m */,
				29973DED3F6C4920A9A6C064 /* GMFetchItem.m */,
				E783CD63BDAB4D64B10B78F0 /* GMGridViewCell.m */,
				AA84A0D9C5334D23873C9A83 /* GMGridViewController.m */,
				1BF002E58A9349A5AC7E465F /* GMImagePickerController.m */,
				A092195B0B18490F96E04FA7 /* PSYBlockTimer.m */,
				C09BA595296E46FCA8265B56 /* GMPHAsset.m */,
				1C8F75301455442188A96ED1 /* SOSPicker.h */,
				05886E45CCB94292BDF57257 /* FeHourGlass.h */,
				A9FF7695A8DE4DF38345ADAC /* UIImage+fixOrientation.h */,
				5478346012ED41F2B1686372 /* GMAlbumsViewCell.h */,
				923BE6DFCD6A460EA0547268 /* GMAlbumsViewController.h */,
				1513B573B6824685B5F65033 /* GMFetchItem.h */,
				1E348D5A3C4C416EA54D0CAD /* GMGridViewCell.h */,
				32FF6723CDB34022B7DE23C4 /* GMGridViewController.h */,
				722BC31A58744223BEA7C689 /* GMImagePickerController.h */,
				7396A1AFDB3C42DF832C17BC /* PSYBlockTimer.h */,
				63FCC8BB6A344565B379A9F9 /* GMPHAsset.h */,
				332A51019A564954897031B5 /* CDVWKWebViewFileXhr.m */,
				B205D0AAE6244395AA62CCC6 /* CDVWKWebViewFileXhr.h */,
				953277D1A62C4C55A45F1676 /* NSString+SSURLEncoding.m */,
				03BFCDF5537646B4BE1466C6 /* SocialSharing.m */,
				BA5C454B69F64232B712FB52 /* NSString+SSURLEncoding.h */,
				F2A63DA92E2B45D985283123 /* SocialSharing.h */,
				1FF4A282FF9943AA8A0D3C25 /* SQLitePlugin.m */,
				35658FC5C96441D0ABD4C046 /* CustomPSPDFThreadSafeMutableDictionary.m */,
				FD7232CE050F4898A597F639 /* sqlite3.c */,
				03C88D70C21043B4A09155B8 /* SQLitePlugin.h */,
				BF1A3282931848638C4907A6 /* sqlite3.h */,
				4DC55F91F7D8498DAA9A4859 /* CDVBarcodeScanner.mm */,
			);
			name = Plugins;
			path = MyApp/Plugins;
			sourceTree = SOURCE_ROOT;
		};
		EB87FDF11871DA420020F90C /* Staging */ = {
			isa = PBXGroup;
			children = (
				F840E1F0165FE0F500CFE078 /* config.xml */,
				301BF56E109A69640062928A /* www */,
			);
			name = Staging;
			sourceTree = "<group>";
		};
/* End PBXGroup section */

/* Begin PBXNativeTarget section */
		1D6058900D05DD3D006BFB54 /* MyApp */ = {
			isa = PBXNativeTarget;
			buildConfigurationList = 1D6058960D05DD3E006BFB54 /* Build configuration list for PBXNativeTarget "MyApp" */;
			buildPhases = (
				304B58A110DAC018002A0835 /* Copy www directory */,
				1D60588D0D05DD3D006BFB54 /* Resources */,
				1D60588E0D05DD3D006BFB54 /* Sources */,
				1D60588F0D05DD3D006BFB54 /* Frameworks */,
			);
			buildRules = (
			);
			dependencies = (
				301BF551109A68C00062928A /* PBXTargetDependency */,
			);
			name = MyApp;
			productName = MyApp;
			productReference = 1D6058910D05DD3D006BFB54 /* MyApp.app */;
			productType = "com.apple.product-type.application";
		};
/* End PBXNativeTarget section */

/* Begin PBXProject section */
		29B97313FDCFA39411CA2CEA /* Project object */ = {
			isa = PBXProject;
			attributes = {
				LastUpgradeCheck = 1130;
				TargetAttributes = {
					1D6058900D05DD3D006BFB54 = {
						ProvisioningStyle = Automatic;
					};
				};
			};
			buildConfigurationList = C01FCF4E08A954540054247B /* Build configuration list for PBXProject "MyApp" */;
			compatibilityVersion = "Xcode 11.0";
			developmentRegion = en;
			hasScannedForEncodings = 1;
			knownRegions = (
				en,
				Base,
			);
			mainGroup = 29B97314FDCFA39411CA2CEA /* CustomTemplate */;
			projectDirPath = "";
			projectReferences = (
				{
					ProductGroup = 301BF52E109A57CC0062928A /* Products */;
					ProjectRef = 301BF52D109A57CC0062928A /* CordovaLib.xcodeproj */;
				},
			);
			projectRoot = "";
			targets = (
				1D6058900D05DD3D006BFB54 /* MyApp */,
			);
		};
/* End PBXProject section */

/* Begin PBXReferenceProxy section */
		301BF535109A57CC0062928A /* libCordova.a */ = {
			isa = PBXReferenceProxy;
			fileType = archive.ar;
			path = libCordova.a;
			remoteRef = 301BF534109A57CC0062928A /* PBXContainerItemProxy */;
			sourceTree = BUILT_PRODUCTS_DIR;
		};
		907D8124214C687600058A10 /* Cordova.framework */ = {
			isa = PBXReferenceProxy;
			fileType = wrapper.framework;
			path = Cordova.framework;
			remoteRef = 907D8123214C687600058A10 /* PBXContainerItemProxy */;
			sourceTree = BUILT_PRODUCTS_DIR;
		};
/* End PBXReferenceProxy section */

/* Begin PBXResourcesBuildPhase section */
		1D60588D0D05DD3D006BFB54 /* Resources */ = {
			isa = PBXResourcesBuildPhase;
			buildActionMask = 2147483647;
			files = (
				302D95F214D2391D003F00A1 /* MainViewController.xib in Resources */,
				0207DA581B56EA530066E2B4 /* Images.xcassets in Resources */,
				6AFF5BF91D6E424B00AB3073 /* CDVLaunchScreen.storyboard in Resources */,
				517F8BAE793F46928E1FC98F /* GMEmptyFolder@1x.png in Resources */,
				FB2ADE864C0F407ABFB3DA7A /* GMEmptyFolder@2x.png in Resources */,
				164D62CC270B4C5EA128F345 /* GMSelected.png in Resources */,
				CD98C768A3A44AA09C220DD9 /* GMSelected@2x.png in Resources */,
				48A1CD034C80465798C5D8AF /* GMVideoIcon.png in Resources */,
				2865CBC53B2D41AFB114EE37 /* GMVideoIcon@2x.png in Resources */,
				2F64601005C9410E9A7F6F7F /* ca.lproj in Resources */,
				0DBED04878714D7498E72B25 /* de.lproj in Resources */,
				DAAEAE860C344F54B75FB91E /* en.lproj in Resources */,
				9786C148F24944038106D9D8 /* es.lproj in Resources */,
				E43B413974194A14A5E96217 /* fr.lproj in Resources */,
				2A30562B0CAB477485E6AD74 /* it.lproj in Resources */,
				401AB548C3BB48E4A72334D0 /* pt.lproj in Resources */,
				4C5487804C5B443BB2EDEDCA /* pl.lproj in Resources */,
				26C309AFEE58447C91F4B321 /* zh-Hans.lproj in Resources */,
				A523A48357C84683A739B774 /* scannerOverlay.xib in Resources */,
				C112D5B74F9E48EE8CF6EDC5 /* CDVBarcodeScanner.bundle in Resources */,
			);
			runOnlyForDeploymentPostprocessing = 0;
		};
/* End PBXResourcesBuildPhase section */

/* Begin PBXShellScriptBuildPhase section */
		304B58A110DAC018002A0835 /* Copy www directory */ = {
			isa = PBXShellScriptBuildPhase;
			buildActionMask = 2147483647;
			files = (
			);
			inputPaths = (
			);
			name = "Copy www directory";
			outputPaths = (
			);
			runOnlyForDeploymentPostprocessing = 0;
			shellPath = /bin/sh;
			shellScript = "\"$SRCROOT/MyApp/Scripts/copy-www-build-step.sh\"";
			showEnvVarsInLog = 0;
		};
/* End PBXShellScriptBuildPhase section */

/* Begin PBXSourcesBuildPhase section */
		1D60588E0D05DD3D006BFB54 /* Sources */ = {
			isa = PBXSourcesBuildPhase;
			buildActionMask = 2147483647;
			files = (
				1D60589B0D05DD56006BFB54 /* main.m in Sources */,
				1D3623260D0F684500981E51 /* AppDelegate.m in Sources */,
				302D95F114D2391D003F00A1 /* MainViewController.m in Sources */,
				788EB1E8E8F04994AD130ECA /* CFCallNumber.m in Sources */,
				7C98E9F24B7345939F016A3F /* Base64ToGallery.m in Sources */,
				C3978FE232594201B5731336 /* CDVFile.m in Sources */,
				3FD25B5991A94A169253D22B /* CDVLocalFilesystem.m in Sources */,
				0F0C7D5C4DD64A909EA3C12D /* CDVAssetLibraryFilesystem.m in Sources */,
				8911554B27414913AB35B6B8 /* CordovaHttpPlugin.m in Sources */,
				1B345124B29A413EA18C7647 /* BinaryRequestSerializer.m in Sources */,
				CD5E2D16BB71424AA20E5972 /* BinaryResponseSerializer.m in Sources */,
				A4EFCA05E57744668B8BD4CF /* TextResponseSerializer.m in Sources */,
				9165CA6FE9A246499FA8CADD /* TextRequestSerializer.m in Sources */,
				6346732D79C7483797AA35B3 /* AFHTTPSessionManager.m in Sources */,
				B4A02F8C3E424C8CA7523083 /* AFNetworkReachabilityManager.m in Sources */,
				D5CA7F88D1ED409A88539DC0 /* AFSecurityPolicy.m in Sources */,
				F55E9DFCCECF443A8A0B6D80 /* AFURLRequestSerialization.m in Sources */,
				0CE8088A8B6E401F99510947 /* AFURLResponseSerialization.m in Sources */,
				A7A1DE37DEAC430D8ED403BE /* AFURLSessionManager.m in Sources */,
				6BB0B4D2EB50425EBB91B310 /* SDNetworkActivityIndicator.m in Sources */,
				49F55A6E66A3451BAC0AD3B4 /* UIImage+CropScaleOrientation.m in Sources */,
				038BC36A8B154F9AA20F2C37 /* CDVCamera.m in Sources */,
				6C152C7274124029AE9348B4 /* CDVJpegHeaderWriter.m in Sources */,
				964088D5B1354DA788E80475 /* CDVDevice.m in Sources */,
				E71F0DBDF2204F1AB76ACE2E /* APPEmailComposer.m in Sources */,
				1DE0488F03354BF6B64D4803 /* APPEmailComposerImpl.m in Sources */,
				E8F53821AC4B4966BF281C16 /* FileOpener2.m in Sources */,
				CA1FAD71BAD44486B0099CA5 /* CDVIonicKeyboard.m in Sources */,
				E384D32867464574B4117754 /* CDVWKWebViewEngine.m in Sources */,
				CEF87DD6610B4F1B80C2A5F3 /* CDVWKWebViewUIDelegate.m in Sources */,
				C68A24FC2901470390833344 /* CDVWKProcessPoolFactory.m in Sources */,
				8F324CDF00D24DCCB0311C10 /* IONAssetHandler.m in Sources */,
				658783063D7C4417BDC87006 /* CDVStatusBar.m in Sources */,
				654ED6C8BAC54EB8BEC79B3A /* SOSPicker.m in Sources */,
				98205549AAF94E6FABCFEE48 /* FeHourGlass.m in Sources */,
				8426CAA06FDE434C8A496878 /* UIImage+fixOrientation.m in Sources */,
				CDF419B0C9FF4127AD751CA5 /* GMAlbumsViewCell.m in Sources */,
				CF63C77877CF4E8EB38EC04D /* GMAlbumsViewController.m in Sources */,
				0E793B500C5D41AA9F75899E /* GMFetchItem.m in Sources */,
				3AC30F02BFB84AF18EE7B8E9 /* GMGridViewCell.m in Sources */,
				FA64F739AC5F47EEA516BBCE /* GMGridViewController.m in Sources */,
				7025542A6CF8409B9ECEB703 /* GMImagePickerController.m in Sources */,
				09EB18CF03A9439D8936E0A5 /* PSYBlockTimer.m in Sources */,
				5E8FE5D5B2644E4A94759A0D /* GMPHAsset.m in Sources */,
				73B3D8A6C84D432B8B2FA45D /* CDVWKWebViewFileXhr.m in Sources */,
				785A66B5A5DD43DA8C1E1D57 /* NSString+SSURLEncoding.m in Sources */,
				B040DFB362A44B80A03E44D4 /* SocialSharing.m in Sources */,
				5046108AFEAA40E5943857DB /* SQLitePlugin.m in Sources */,
				921A4FAFC08049689BE04BFC /* CustomPSPDFThreadSafeMutableDictionary.m in Sources */,
				BA725BFB30504EB5B09B358A /* sqlite3.c in Sources */,
				58C0605056E54CACB035054E /* CDVBarcodeScanner.mm in Sources */,
			);
			runOnlyForDeploymentPostprocessing = 0;
		};
/* End PBXSourcesBuildPhase section */

/* Begin PBXTargetDependency section */
		301BF551109A68C00062928A /* PBXTargetDependency */ = {
			isa = PBXTargetDependency;
			name = CordovaLib;
			targetProxy = 301BF550109A68C00062928A /* PBXContainerItemProxy */;
		};
/* End PBXTargetDependency section */

/* Begin XCBuildConfiguration section */
		1D6058940D05DD3E006BFB54 /* Debug */ = {
			isa = XCBuildConfiguration;
			baseConfigurationReference = 3047A50F1AB8059700498E2A /* build-debug.xcconfig */;
			buildSettings = {
				ALWAYS_EMBED_SWIFT_STANDARD_LIBRARIES = YES;
				ALWAYS_SEARCH_USER_PATHS = NO;
				ASSETCATALOG_COMPILER_APPICON_NAME = AppIcon;
				CLANG_ENABLE_MODULES = YES;
				CLANG_ENABLE_OBJC_ARC = YES;
				COPY_PHASE_STRIP = NO;
				DEVELOPMENT_TEAM = 6L2K94JH55;
				GCC_DYNAMIC_NO_PIC = NO;
				GCC_OPTIMIZATION_LEVEL = 0;
				GCC_PRECOMPILE_PREFIX_HEADER = YES;
				GCC_PREFIX_HEADER = "MyApp/MyApp-Prefix.pch";
				GCC_THUMB_SUPPORT = NO;
				GCC_VERSION = "";
				INFOPLIST_FILE = "MyApp/MyApp-Info.plist";
				IPHONEOS_DEPLOYMENT_TARGET = 11.0;
				LD_RUNPATH_SEARCH_PATHS = "@executable_path/Frameworks";
				PRODUCT_BUNDLE_IDENTIFIER = "readARs-bID";
				PRODUCT_NAME = "$(TARGET_NAME)";
				SWIFT_OBJC_BRIDGING_HEADER = "$(PROJECT_DIR)/$(PROJECT_NAME)/Bridging-Header.h";
				SWIFT_OPTIMIZATION_LEVEL = "-Onone";
				SWIFT_VERSION = 4.0;
				TARGETED_DEVICE_FAMILY = "1,2";
				VALIDATE_WORKSPACE = NO;
			};
			name = Debug;
		};
		1D6058950D05DD3E006BFB54 /* Release */ = {
			isa = XCBuildConfiguration;
			baseConfigurationReference = 3047A5101AB8059700498E2A /* build-release.xcconfig */;
			buildSettings = {
				ALWAYS_EMBED_SWIFT_STANDARD_LIBRARIES = YES;
				ALWAYS_SEARCH_USER_PATHS = NO;
				ASSETCATALOG_COMPILER_APPICON_NAME = AppIcon;
				CLANG_ENABLE_MODULES = YES;
				CLANG_ENABLE_OBJC_ARC = YES;
				COPY_PHASE_STRIP = YES;
				GCC_PRECOMPILE_PREFIX_HEADER = YES;
				GCC_PREFIX_HEADER = "MyApp/MyApp-Prefix.pch";
				GCC_THUMB_SUPPORT = NO;
				GCC_VERSION = "";
				INFOPLIST_FILE = "MyApp/MyApp-Info.plist";
				IPHONEOS_DEPLOYMENT_TARGET = 11.0;
				LD_RUNPATH_SEARCH_PATHS = "@executable_path/Frameworks";
				PRODUCT_BUNDLE_IDENTIFIER = io.ionic.starter;
				PRODUCT_NAME = "$(TARGET_NAME)";
				SWIFT_OBJC_BRIDGING_HEADER = "$(PROJECT_DIR)/$(PROJECT_NAME)/Bridging-Header.h";
				SWIFT_VERSION = 4.0;
				TARGETED_DEVICE_FAMILY = "1,2";
				VALIDATE_WORKSPACE = NO;
			};
			name = Release;
		};
		C01FCF4F08A954540054247B /* Debug */ = {
			isa = XCBuildConfiguration;
			baseConfigurationReference = 3047A5111AB8059700498E2A /* build.xcconfig */;
			buildSettings = {
				ALWAYS_EMBED_SWIFT_STANDARD_LIBRARIES = YES;
				CLANG_ANALYZER_LOCALIZABILITY_NONLOCALIZED = YES;
				CLANG_ENABLE_MODULES = YES;
				CLANG_ENABLE_OBJC_ARC = YES;
				CLANG_WARN_BLOCK_CAPTURE_AUTORELEASING = YES;
				CLANG_WARN_BOOL_CONVERSION = YES;
				CLANG_WARN_COMMA = YES;
				CLANG_WARN_CONSTANT_CONVERSION = YES;
				CLANG_WARN_DEPRECATED_OBJC_IMPLEMENTATIONS = YES;
				CLANG_WARN_EMPTY_BODY = YES;
				CLANG_WARN_ENUM_CONVERSION = YES;
				CLANG_WARN_INFINITE_RECURSION = YES;
				CLANG_WARN_INT_CONVERSION = YES;
				CLANG_WARN_NON_LITERAL_NULL_CONVERSION = YES;
				CLANG_WARN_OBJC_IMPLICIT_RETAIN_SELF = YES;
				CLANG_WARN_OBJC_LITERAL_CONVERSION = YES;
				CLANG_WARN_RANGE_LOOP_ANALYSIS = YES;
				CLANG_WARN_STRICT_PROTOTYPES = YES;
				CLANG_WARN_SUSPICIOUS_MOVE = YES;
				CLANG_WARN_UNREACHABLE_CODE = YES;
				CLANG_WARN__DUPLICATE_METHOD_MATCH = YES;
				ENABLE_STRICT_OBJC_MSGSEND = YES;
				ENABLE_TESTABILITY = YES;
				GCC_C_LANGUAGE_STANDARD = c99;
				GCC_NO_COMMON_BLOCKS = YES;
				GCC_THUMB_SUPPORT = NO;
				GCC_VERSION = "";
				GCC_WARN_64_TO_32_BIT_CONVERSION = YES;
				GCC_WARN_ABOUT_RETURN_TYPE = YES;
				GCC_WARN_UNDECLARED_SELECTOR = YES;
				GCC_WARN_UNINITIALIZED_AUTOS = YES;
				GCC_WARN_UNUSED_FUNCTION = YES;
				GCC_WARN_UNUSED_VARIABLE = YES;
				IPHONEOS_DEPLOYMENT_TARGET = 11.0;
				ONLY_ACTIVE_ARCH = YES;
				SDKROOT = iphoneos;
				SKIP_INSTALL = NO;
				SWIFT_OBJC_BRIDGING_HEADER = "$(PROJECT_DIR)/$(PROJECT_NAME)/Bridging-Header.h";
				SWIFT_OPTIMIZATION_LEVEL = "-Onone";
				SWIFT_VERSION = 4.0;
				WK_WEB_VIEW_ONLY = 1;
			};
			name = Debug;
		};
		C01FCF5008A954540054247B /* Release */ = {
			isa = XCBuildConfiguration;
			baseConfigurationReference = 3047A5111AB8059700498E2A /* build.xcconfig */;
			buildSettings = {
				ALWAYS_EMBED_SWIFT_STANDARD_LIBRARIES = YES;
				CLANG_ANALYZER_LOCALIZABILITY_NONLOCALIZED = YES;
				CLANG_ENABLE_MODULES = YES;
				CLANG_ENABLE_OBJC_ARC = YES;
				CLANG_WARN_BLOCK_CAPTURE_AUTORELEASING = YES;
				CLANG_WARN_BOOL_CONVERSION = YES;
				CLANG_WARN_COMMA = YES;
				CLANG_WARN_CONSTANT_CONVERSION = YES;
				CLANG_WARN_DEPRECATED_OBJC_IMPLEMENTATIONS = YES;
				CLANG_WARN_EMPTY_BODY = YES;
				CLANG_WARN_ENUM_CONVERSION = YES;
				CLANG_WARN_INFINITE_RECURSION = YES;
				CLANG_WARN_INT_CONVERSION = YES;
				CLANG_WARN_NON_LITERAL_NULL_CONVERSION = YES;
				CLANG_WARN_OBJC_IMPLICIT_RETAIN_SELF = YES;
				CLANG_WARN_OBJC_LITERAL_CONVERSION = YES;
				CLANG_WARN_RANGE_LOOP_ANALYSIS = YES;
				CLANG_WARN_STRICT_PROTOTYPES = YES;
				CLANG_WARN_SUSPICIOUS_MOVE = YES;
				CLANG_WARN_UNREACHABLE_CODE = YES;
				CLANG_WARN__DUPLICATE_METHOD_MATCH = YES;
				ENABLE_STRICT_OBJC_MSGSEND = YES;
				GCC_C_LANGUAGE_STANDARD = c99;
				GCC_NO_COMMON_BLOCKS = YES;
				GCC_THUMB_SUPPORT = NO;
				GCC_VERSION = "";
				GCC_WARN_64_TO_32_BIT_CONVERSION = YES;
				GCC_WARN_ABOUT_RETURN_TYPE = YES;
				GCC_WARN_UNDECLARED_SELECTOR = YES;
				GCC_WARN_UNINITIALIZED_AUTOS = YES;
				GCC_WARN_UNUSED_FUNCTION = YES;
				GCC_WARN_UNUSED_VARIABLE = YES;
				IPHONEOS_DEPLOYMENT_TARGET = 11.0;
				SDKROOT = iphoneos;
				SKIP_INSTALL = NO;
				SWIFT_OBJC_BRIDGING_HEADER = "$(PROJECT_DIR)/$(PROJECT_NAME)/Bridging-Header.h";
				SWIFT_VERSION = 4.0;
				WK_WEB_VIEW_ONLY = 1;
			};
			name = Release;
		};
/* End XCBuildConfiguration section */

/* Begin XCConfigurationList section */
		1D6058960D05DD3E006BFB54 /* Build configuration list for PBXNativeTarget "MyApp" */ = {
			isa = XCConfigurationList;
			buildConfigurations = (
				1D6058940D05DD3E006BFB54 /* Debug */,
				1D6058950D05DD3E006BFB54 /* Release */,
			);
			defaultConfigurationIsVisible = 0;
			defaultConfigurationName = Release;
		};
		C01FCF4E08A954540054247B /* Build configuration list for PBXProject "MyApp" */ = {
			isa = XCConfigurationList;
			buildConfigurations = (
				C01FCF4F08A954540054247B /* Debug */,
				C01FCF5008A954540054247B /* Release */,
			);
			defaultConfigurationIsVisible = 0;
			defaultConfigurationName = Release;
		};
/* End XCConfigurationList section */
	};
	rootObject = 29B97313FDCFA39411CA2CEA /* Project object */;
}
